PODS:
  - Alamofire (3.4.0)
  - Eureka (1.6.0)
  - IQKeyboardManagerSwift (4.0.3)
  - JSQMessagesViewController (7.3.1):
    - JSQSystemSoundPlayer (~> 2.0.1)
  - JSQSystemSoundPlayer (2.0.1)
  - KCFloatingActionButton (1.3.3)
  - KMPlaceholderTextView (1.2.0)
  - SwiftSpinner (0.9.5)
  - TagListView (1.0.0)

DEPENDENCIES:
  - Alamofire
  - Eureka (~> 1.6)
  - IQKeyboardManagerSwift
  - JSQMessagesViewController
  - KCFloatingActionButton
  - KMPlaceholderTextView (~> 1.2.0)
  - SwiftSpinner
  - TagListView (~> 1.0)

SPEC CHECKSUMS:
  Alamofire: c19a627cefd6a95f840401c49ab1f124e07f54ee
  Eureka: ef5b9ac93aedeecfe50d98b1ac7678bf09a1fc62
  IQKeyboardManagerSwift: b6883b720b0e76473692fdc80828442566e1075f
  JSQMessagesViewController: 3847120a97a7ab3bdc701f166c59f3955f7801c7
  JSQSystemSoundPlayer: c5850e77a4363ffd374cd851154b9af93264ed8d
  KCFloatingActionButton: 53606bb0a2c5f011ffe16039ddb63658c514bc99
  KMPlaceholderTextView: cae8ee889bd38d20587eee6b2623b8218f31b8f5
  SwiftSpinner: c6585a0ae5c67eb33e737695cce88f0262008cce
  TagListView: 6bf4bded034c4c90b1e90d8cd3d8e1d852dba0a8

PODFILE CHECKSUM: 96540a1271bbdf752f3bb3535e15c8407901ecb6

COCOAPODS: 1.0.0
