PODS:
  - Alamofire (3.4.0)
  - IQKeyboardManagerSwift (4.0.3)
  - JSQMessagesViewController (7.3.1):
    - JSQSystemSoundPlayer (~> 2.0.1)
  - JSQSystemSoundPlayer (2.0.1)
  - KMPlaceholderTextView (1.2.0)
  - TagListView (1.0.0)

DEPENDENCIES:
  - Alamofire
  - IQKeyboardManagerSwift
  - JSQMessagesViewController
  - KMPlaceholderTextView (~> 1.2.0)
  - TagListView (~> 1.0)

SPEC CHECKSUMS:
  Alamofire: c19a627cefd6a95f840401c49ab1f124e07f54ee
  IQKeyboardManagerSwift: b6883b720b0e76473692fdc80828442566e1075f
  JSQMessagesViewController: 3847120a97a7ab3bdc701f166c59f3955f7801c7
  JSQSystemSoundPlayer: c5850e77a4363ffd374cd851154b9af93264ed8d
  KMPlaceholderTextView: cae8ee889bd38d20587eee6b2623b8218f31b8f5
  TagListView: 6bf4bded034c4c90b1e90d8cd3d8e1d852dba0a8

PODFILE CHECKSUM: 6ceded44041d4909bfb19971dc9ac929747cddb7

COCOAPODS: 1.0.0
