// !$*UTF8*$!
{
	archiveVersion = 1;
	classes = {
	};
	objectVersion = 46;
	objects = {

/* Begin PBXBuildFile section */
		0F08DD2B1CB44DFF008B7C57 /* linkedin-sdk.framework in Frameworks */ = {isa = PBXBuildFile; fileRef = 0F08DD2A1CB44DFF008B7C57 /* linkedin-sdk.framework */; };
		0F08DD2F1CB722BA008B7C57 /* SharingHelper.swift in Sources */ = {isa = PBXBuildFile; fileRef = 0F08DD2E1CB722BA008B7C57 /* SharingHelper.swift */; };
		0F08DD311CB7C91B008B7C57 /* testimage.jpeg in Resources */ = {isa = PBXBuildFile; fileRef = 0F08DD301CB7C91B008B7C57 /* testimage.jpeg */; };
		0F09352A1CA81C4000AC2C59 /* FeedViewController.swift in Sources */ = {isa = PBXBuildFile; fileRef = 0F0935291CA81C4000AC2C59 /* FeedViewController.swift */; };
		0F09352C1CA81C4A00AC2C59 /* ProfileViewController.swift in Sources */ = {isa = PBXBuildFile; fileRef = 0F09352B1CA81C4A00AC2C59 /* ProfileViewController.swift */; };
		0F09352E1CA81C5800AC2C59 /* ProjectViewController.swift in Sources */ = {isa = PBXBuildFile; fileRef = 0F09352D1CA81C5800AC2C59 /* ProjectViewController.swift */; };
		0F0B62411CD0206200F209B8 /* CreatingPostViewController.swift in Sources */ = {isa = PBXBuildFile; fileRef = 0F0B62401CD0206200F209B8 /* CreatingPostViewController.swift */; };
		0F0D888E1CFC70CC0074E5E6 /* facebook-button.png in Resources */ = {isa = PBXBuildFile; fileRef = 0F0D888C1CFC70CC0074E5E6 /* facebook-button.png */; };
		0F0D888F1CFC70CC0074E5E6 /* linked-button.png in Resources */ = {isa = PBXBuildFile; fileRef = 0F0D888D1CFC70CC0074E5E6 /* linked-button.png */; };
		0F0D88911CFC74330074E5E6 /* SignUpPasswordViewController.swift in Sources */ = {isa = PBXBuildFile; fileRef = 0F0D88901CFC74330074E5E6 /* SignUpPasswordViewController.swift */; };
		0F0D88931CFC87E60074E5E6 /* Server.swift in Sources */ = {isa = PBXBuildFile; fileRef = 0F0D88921CFC87E60074E5E6 /* Server.swift */; };
		0F15C4731CD3D65900E2E4B9 /* CommentTableViewCell.swift in Sources */ = {isa = PBXBuildFile; fileRef = 0F15C4721CD3D65900E2E4B9 /* CommentTableViewCell.swift */; };
		0F15C4751CD3D68400E2E4B9 /* CommentTableViewCell.xib in Resources */ = {isa = PBXBuildFile; fileRef = 0F15C4741CD3D68400E2E4B9 /* CommentTableViewCell.xib */; };
		0F15C47C1CD427AC00E2E4B9 /* LikesTableViewCell.swift in Sources */ = {isa = PBXBuildFile; fileRef = 0F15C47A1CD427AC00E2E4B9 /* LikesTableViewCell.swift */; };
		0F15C47D1CD427AC00E2E4B9 /* LikesTableViewCell.xib in Resources */ = {isa = PBXBuildFile; fileRef = 0F15C47B1CD427AC00E2E4B9 /* LikesTableViewCell.xib */; };
		0F15C4831CD42DDA00E2E4B9 /* PostDetailsTableViewCell.swift in Sources */ = {isa = PBXBuildFile; fileRef = 0F15C4821CD42DDA00E2E4B9 /* PostDetailsTableViewCell.swift */; };
		0F15C4851CD42DE700E2E4B9 /* PostDetailsTableViewCell.xib in Resources */ = {isa = PBXBuildFile; fileRef = 0F15C4841CD42DE700E2E4B9 /* PostDetailsTableViewCell.xib */; };
		0F15C4871CD542F000E2E4B9 /* telegram.png in Resources */ = {isa = PBXBuildFile; fileRef = 0F15C4861CD542F000E2E4B9 /* telegram.png */; };
		0F3A0C901CD2BD81005C6C23 /* PostDetailsViewController.swift in Sources */ = {isa = PBXBuildFile; fileRef = 0F3A0C8F1CD2BD81005C6C23 /* PostDetailsViewController.swift */; };
		0F4171441CFDFCA10043A98B /* tab-bar-background.png in Resources */ = {isa = PBXBuildFile; fileRef = 0F4171431CFDFCA10043A98B /* tab-bar-background.png */; };
		0F4171461CFE37870043A98B /* PillLabel.swift in Sources */ = {isa = PBXBuildFile; fileRef = 0F4171451CFE37870043A98B /* PillLabel.swift */; };
		0F4171491CFE6E340043A98B /* InterestsTableViewCell.swift in Sources */ = {isa = PBXBuildFile; fileRef = 0F4171471CFE6E340043A98B /* InterestsTableViewCell.swift */; };
		0F41714A1CFE6E340043A98B /* InterestsTableViewCell.xib in Resources */ = {isa = PBXBuildFile; fileRef = 0F4171481CFE6E340043A98B /* InterestsTableViewCell.xib */; };
		0F4171521CFF52CF0043A98B /* FeedCardTableViewCell.xib in Resources */ = {isa = PBXBuildFile; fileRef = 0F4171511CFF52CF0043A98B /* FeedCardTableViewCell.xib */; };
		0F4F99631CCBB413006628CF /* ChatListViewController.swift in Sources */ = {isa = PBXBuildFile; fileRef = 0F4F99621CCBB413006628CF /* ChatListViewController.swift */; };
		0F4F99651CCBB4FC006628CF /* ChatListTableViewCell.swift in Sources */ = {isa = PBXBuildFile; fileRef = 0F4F99641CCBB4FC006628CF /* ChatListTableViewCell.swift */; };
		0F5505811CF86830005229D7 /* RootTabBarViewController.swift in Sources */ = {isa = PBXBuildFile; fileRef = 0F5505801CF86830005229D7 /* RootTabBarViewController.swift */; };
		0F5505871CF8B7EC005229D7 /* sign-in-background.png in Resources */ = {isa = PBXBuildFile; fileRef = 0F5505861CF8B7EC005229D7 /* sign-in-background.png */; };
		0F5505891CF8BD5B005229D7 /* background-proja.png in Resources */ = {isa = PBXBuildFile; fileRef = 0F5505881CF8BD5B005229D7 /* background-proja.png */; };
		0F55058B1CF8BD61005229D7 /* signup-button.png in Resources */ = {isa = PBXBuildFile; fileRef = 0F55058A1CF8BD61005229D7 /* signup-button.png */; };
		0F6076DD1CFFAE3300926E6E /* SignInViewController.swift in Sources */ = {isa = PBXBuildFile; fileRef = 0F6076DC1CFFAE3300926E6E /* SignInViewController.swift */; };
		0F6076DF1CFFB40B00926E6E /* SignInHelper.swift in Sources */ = {isa = PBXBuildFile; fileRef = 0F6076DE1CFFB40B00926E6E /* SignInHelper.swift */; };
		0F6785B21CC6C7FC00F89541 /* FeedCardTableViewCell.swift in Sources */ = {isa = PBXBuildFile; fileRef = 0F6785B11CC6C7FC00F89541 /* FeedCardTableViewCell.swift */; };
		0F6785B41CC6D70200F89541 /* profile_pic.jpg in Resources */ = {isa = PBXBuildFile; fileRef = 0F6785B31CC6D70200F89541 /* profile_pic.jpg */; };
		0F6785BC1CC6F32400F89541 /* card separator.png in Resources */ = {isa = PBXBuildFile; fileRef = 0F6785B61CC6F32400F89541 /* card separator.png */; };
		0F6785BE1CC6F32400F89541 /* location pin.png in Resources */ = {isa = PBXBuildFile; fileRef = 0F6785B81CC6F32400F89541 /* location pin.png */; };
		0F6785C41CC6F58600F89541 /* like default.png in Resources */ = {isa = PBXBuildFile; fileRef = 0F6785C21CC6F58600F89541 /* like default.png */; };
		0F6785C51CC6F58600F89541 /* like selected.png in Resources */ = {isa = PBXBuildFile; fileRef = 0F6785C31CC6F58600F89541 /* like selected.png */; };
		0F6785CC1CC6F69A00F89541 /* message default.png in Resources */ = {isa = PBXBuildFile; fileRef = 0F6785C61CC6F69A00F89541 /* message default.png */; };
		0F6785CD1CC6F69A00F89541 /* message selected.png in Resources */ = {isa = PBXBuildFile; fileRef = 0F6785C71CC6F69A00F89541 /* message selected.png */; };
		0F6785CE1CC6F69A00F89541 /* other default.png in Resources */ = {isa = PBXBuildFile; fileRef = 0F6785C81CC6F69A00F89541 /* other default.png */; };
		0F6785CF1CC6F69A00F89541 /* other selected.png in Resources */ = {isa = PBXBuildFile; fileRef = 0F6785C91CC6F69A00F89541 /* other selected.png */; };
		0F6785D01CC6F69A00F89541 /* share default.png in Resources */ = {isa = PBXBuildFile; fileRef = 0F6785CA1CC6F69A00F89541 /* share default.png */; };
		0F6785D11CC6F69A00F89541 /* share selected.png in Resources */ = {isa = PBXBuildFile; fileRef = 0F6785CB1CC6F69A00F89541 /* share selected.png */; };
		0F6785E01CC983CE00F89541 /* messages.png in Resources */ = {isa = PBXBuildFile; fileRef = 0F6785DA1CC983CE00F89541 /* messages.png */; };
		0F6785E11CC983CE00F89541 /* messages@2x.png in Resources */ = {isa = PBXBuildFile; fileRef = 0F6785DB1CC983CE00F89541 /* messages@2x.png */; };
		0F6785E21CC983CE00F89541 /* messages@3x.png in Resources */ = {isa = PBXBuildFile; fileRef = 0F6785DC1CC983CE00F89541 /* messages@3x.png */; };
		0F6785E31CC983CE00F89541 /* settings.png in Resources */ = {isa = PBXBuildFile; fileRef = 0F6785DD1CC983CE00F89541 /* settings.png */; };
		0F6785E41CC983CE00F89541 /* settings@2x.png in Resources */ = {isa = PBXBuildFile; fileRef = 0F6785DE1CC983CE00F89541 /* settings@2x.png */; };
		0F6785E51CC983CE00F89541 /* settings@3x.png in Resources */ = {isa = PBXBuildFile; fileRef = 0F6785DF1CC983CE00F89541 /* settings@3x.png */; };
		0F6785E81CC98C8C00F89541 /* photo.png in Resources */ = {isa = PBXBuildFile; fileRef = 0F6785E61CC98C8C00F89541 /* photo.png */; };
		0F6785E91CC98C8C00F89541 /* post.png in Resources */ = {isa = PBXBuildFile; fileRef = 0F6785E71CC98C8C00F89541 /* post.png */; };
		0F6785EB1CC99F2300F89541 /* vertical_separator.png in Resources */ = {isa = PBXBuildFile; fileRef = 0F6785EA1CC99F2300F89541 /* vertical_separator.png */; };
		0F7896AC1CCC2E3A004FCCD3 /* ConversationViewController.swift in Sources */ = {isa = PBXBuildFile; fileRef = 0F7896AB1CCC2E3A004FCCD3 /* ConversationViewController.swift */; };
		0F82D2301CE3803600C779E5 /* SettingsViewController.swift in Sources */ = {isa = PBXBuildFile; fileRef = 0F82D22F1CE3803600C779E5 /* SettingsViewController.swift */; };
		0F82D2321CE38F1300C779E5 /* ProfileTableViewCell.swift in Sources */ = {isa = PBXBuildFile; fileRef = 0F82D2311CE38F1300C779E5 /* ProfileTableViewCell.swift */; };
		0F82D2341CE38F2100C779E5 /* ProfileTableViewCell.xib in Resources */ = {isa = PBXBuildFile; fileRef = 0F82D2331CE38F2100C779E5 /* ProfileTableViewCell.xib */; };
		0F82D2371CE3E59000C779E5 /* SettingsTableViewCell.swift in Sources */ = {isa = PBXBuildFile; fileRef = 0F82D2351CE3E58F00C779E5 /* SettingsTableViewCell.swift */; };
		0F82D2381CE3E59000C779E5 /* SettingsTableViewCell.xib in Resources */ = {isa = PBXBuildFile; fileRef = 0F82D2361CE3E58F00C779E5 /* SettingsTableViewCell.xib */; };
		0FA4D7BB1CB410710085371E /* linkedinbutton.png in Resources */ = {isa = PBXBuildFile; fileRef = 0FA4D7BA1CB410710085371E /* linkedinbutton.png */; };
		0FC223AD1C99BFA1006DD18B /* AppDelegate.swift in Sources */ = {isa = PBXBuildFile; fileRef = 0FC223AC1C99BFA1006DD18B /* AppDelegate.swift */; };
		0FC223AF1C99BFA1006DD18B /* LoginViewController.swift in Sources */ = {isa = PBXBuildFile; fileRef = 0FC223AE1C99BFA1006DD18B /* LoginViewController.swift */; };
		0FC223B21C99BFA1006DD18B /* Main.storyboard in Resources */ = {isa = PBXBuildFile; fileRef = 0FC223B01C99BFA1006DD18B /* Main.storyboard */; };
		0FC223B41C99BFA1006DD18B /* Assets.xcassets in Resources */ = {isa = PBXBuildFile; fileRef = 0FC223B31C99BFA1006DD18B /* Assets.xcassets */; };
		0FC223B71C99BFA1006DD18B /* LaunchScreen.storyboard in Resources */ = {isa = PBXBuildFile; fileRef = 0FC223B51C99BFA1006DD18B /* LaunchScreen.storyboard */; };
		0FC223C21C99BFA1006DD18B /* ProjaBoxTests.swift in Sources */ = {isa = PBXBuildFile; fileRef = 0FC223C11C99BFA1006DD18B /* ProjaBoxTests.swift */; };
		0FC223CD1C99BFA1006DD18B /* ProjaBoxUITests.swift in Sources */ = {isa = PBXBuildFile; fileRef = 0FC223CC1C99BFA1006DD18B /* ProjaBoxUITests.swift */; };
		0FCCBAB01C9EDEC90007F427 /* SignUpViewController.swift in Sources */ = {isa = PBXBuildFile; fileRef = 0FCCBAAF1C9EDEC90007F427 /* SignUpViewController.swift */; };
		0FD43C5C1CF5F6670061E4E9 /* background.png in Resources */ = {isa = PBXBuildFile; fileRef = 0FD43C5B1CF5F6670061E4E9 /* background.png */; };
		0FD43C5E1CF603560061E4E9 /* EducationExperienceTableViewCell.swift in Sources */ = {isa = PBXBuildFile; fileRef = 0FD43C5D1CF603560061E4E9 /* EducationExperienceTableViewCell.swift */; };
		0FD43C601CF603650061E4E9 /* EducationExperienceTableViewCell.xib in Resources */ = {isa = PBXBuildFile; fileRef = 0FD43C5F1CF603650061E4E9 /* EducationExperienceTableViewCell.xib */; };
		0FD43C631CF6111D0061E4E9 /* ProfileHeaderTableViewCell.swift in Sources */ = {isa = PBXBuildFile; fileRef = 0FD43C611CF6111D0061E4E9 /* ProfileHeaderTableViewCell.swift */; };
		0FD43C641CF6111D0061E4E9 /* ProfileHeaderTableViewCell.xib in Resources */ = {isa = PBXBuildFile; fileRef = 0FD43C621CF6111D0061E4E9 /* ProfileHeaderTableViewCell.xib */; };
		0FEF70051CFD1DC900A80D09 /* MoreSettingsViewController.swift in Sources */ = {isa = PBXBuildFile; fileRef = 0FEF70041CFD1DC900A80D09 /* MoreSettingsViewController.swift */; };
		546933A5EFA37BBA5FBB6670 /* libPods-ProjaBoxUITests.a in Frameworks */ = {isa = PBXBuildFile; fileRef = 54EF224DD9BF1BCABCD43CB0 /* libPods-ProjaBoxUITests.a */; };
		5590CD478479293914B639F5 /* libPods-ProjaBoxTests.a in Frameworks */ = {isa = PBXBuildFile; fileRef = 1972BD44159C341D4EA83407 /* libPods-ProjaBoxTests.a */; };
		D0F1697A9E5052EFD1C5009F /* Pods_ProjaBox.framework in Frameworks */ = {isa = PBXBuildFile; fileRef = BD8C2AC1AD642B9DA526D819 /* Pods_ProjaBox.framework */; };
/* End PBXBuildFile section */

/* Begin PBXContainerItemProxy section */
		0FC223BE1C99BFA1006DD18B /* PBXContainerItemProxy */ = {
			isa = PBXContainerItemProxy;
			containerPortal = 0FC223A11C99BFA1006DD18B /* Project object */;
			proxyType = 1;
			remoteGlobalIDString = 0FC223A81C99BFA1006DD18B;
			remoteInfo = ProjaBox;
		};
		0FC223C91C99BFA1006DD18B /* PBXContainerItemProxy */ = {
			isa = PBXContainerItemProxy;
			containerPortal = 0FC223A11C99BFA1006DD18B /* Project object */;
			proxyType = 1;
			remoteGlobalIDString = 0FC223A81C99BFA1006DD18B;
			remoteInfo = ProjaBox;
		};
/* End PBXContainerItemProxy section */

/* Begin PBXFileReference section */
		0EAA2094654456A2DD73019B /* Pods-ProjaBoxTests.release.xcconfig */ = {isa = PBXFileReference; includeInIndex = 1; lastKnownFileType = text.xcconfig; name = "Pods-ProjaBoxTests.release.xcconfig"; path = "Pods/Target Support Files/Pods-ProjaBoxTests/Pods-ProjaBoxTests.release.xcconfig"; sourceTree = "<group>"; };
		0F08DD291CB44C1F008B7C57 /* BridgingHeader.h */ = {isa = PBXFileReference; fileEncoding = 4; lastKnownFileType = sourcecode.c.h; path = BridgingHeader.h; sourceTree = "<group>"; };
		0F08DD2A1CB44DFF008B7C57 /* linkedin-sdk.framework */ = {isa = PBXFileReference; lastKnownFileType = wrapper.framework; path = "linkedin-sdk.framework"; sourceTree = "<group>"; };
		0F08DD2E1CB722BA008B7C57 /* SharingHelper.swift */ = {isa = PBXFileReference; fileEncoding = 4; lastKnownFileType = sourcecode.swift; path = SharingHelper.swift; sourceTree = "<group>"; };
		0F08DD301CB7C91B008B7C57 /* testimage.jpeg */ = {isa = PBXFileReference; lastKnownFileType = image.jpeg; path = testimage.jpeg; sourceTree = "<group>"; };
		0F0935291CA81C4000AC2C59 /* FeedViewController.swift */ = {isa = PBXFileReference; fileEncoding = 4; lastKnownFileType = sourcecode.swift; path = FeedViewController.swift; sourceTree = "<group>"; };
		0F09352B1CA81C4A00AC2C59 /* ProfileViewController.swift */ = {isa = PBXFileReference; fileEncoding = 4; lastKnownFileType = sourcecode.swift; path = ProfileViewController.swift; sourceTree = "<group>"; };
		0F09352D1CA81C5800AC2C59 /* ProjectViewController.swift */ = {isa = PBXFileReference; fileEncoding = 4; lastKnownFileType = sourcecode.swift; path = ProjectViewController.swift; sourceTree = "<group>"; };
		0F0B62401CD0206200F209B8 /* CreatingPostViewController.swift */ = {isa = PBXFileReference; fileEncoding = 4; lastKnownFileType = sourcecode.swift; path = CreatingPostViewController.swift; sourceTree = "<group>"; };
		0F0D888C1CFC70CC0074E5E6 /* facebook-button.png */ = {isa = PBXFileReference; lastKnownFileType = image.png; path = "facebook-button.png"; sourceTree = "<group>"; };
		0F0D888D1CFC70CC0074E5E6 /* linked-button.png */ = {isa = PBXFileReference; lastKnownFileType = image.png; path = "linked-button.png"; sourceTree = "<group>"; };
		0F0D88901CFC74330074E5E6 /* SignUpPasswordViewController.swift */ = {isa = PBXFileReference; fileEncoding = 4; lastKnownFileType = sourcecode.swift; path = SignUpPasswordViewController.swift; sourceTree = "<group>"; };
		0F0D88921CFC87E60074E5E6 /* Server.swift */ = {isa = PBXFileReference; fileEncoding = 4; lastKnownFileType = sourcecode.swift; path = Server.swift; sourceTree = "<group>"; };
		0F15C4721CD3D65900E2E4B9 /* CommentTableViewCell.swift */ = {isa = PBXFileReference; fileEncoding = 4; lastKnownFileType = sourcecode.swift; path = CommentTableViewCell.swift; sourceTree = "<group>"; };
		0F15C4741CD3D68400E2E4B9 /* CommentTableViewCell.xib */ = {isa = PBXFileReference; fileEncoding = 4; lastKnownFileType = file.xib; path = CommentTableViewCell.xib; sourceTree = "<group>"; };
		0F15C47A1CD427AC00E2E4B9 /* LikesTableViewCell.swift */ = {isa = PBXFileReference; fileEncoding = 4; lastKnownFileType = sourcecode.swift; path = LikesTableViewCell.swift; sourceTree = "<group>"; };
		0F15C47B1CD427AC00E2E4B9 /* LikesTableViewCell.xib */ = {isa = PBXFileReference; fileEncoding = 4; lastKnownFileType = file.xib; path = LikesTableViewCell.xib; sourceTree = "<group>"; };
		0F15C4821CD42DDA00E2E4B9 /* PostDetailsTableViewCell.swift */ = {isa = PBXFileReference; fileEncoding = 4; lastKnownFileType = sourcecode.swift; path = PostDetailsTableViewCell.swift; sourceTree = "<group>"; };
		0F15C4841CD42DE700E2E4B9 /* PostDetailsTableViewCell.xib */ = {isa = PBXFileReference; fileEncoding = 4; lastKnownFileType = file.xib; path = PostDetailsTableViewCell.xib; sourceTree = "<group>"; };
		0F15C4861CD542F000E2E4B9 /* telegram.png */ = {isa = PBXFileReference; lastKnownFileType = image.png; path = telegram.png; sourceTree = "<group>"; };
		0F3A0C8F1CD2BD81005C6C23 /* PostDetailsViewController.swift */ = {isa = PBXFileReference; fileEncoding = 4; lastKnownFileType = sourcecode.swift; path = PostDetailsViewController.swift; sourceTree = "<group>"; };
		0F4171431CFDFCA10043A98B /* tab-bar-background.png */ = {isa = PBXFileReference; lastKnownFileType = image.png; path = "tab-bar-background.png"; sourceTree = "<group>"; };
		0F4171451CFE37870043A98B /* PillLabel.swift */ = {isa = PBXFileReference; fileEncoding = 4; lastKnownFileType = sourcecode.swift; path = PillLabel.swift; sourceTree = "<group>"; };
		0F4171471CFE6E340043A98B /* InterestsTableViewCell.swift */ = {isa = PBXFileReference; fileEncoding = 4; lastKnownFileType = sourcecode.swift; path = InterestsTableViewCell.swift; sourceTree = "<group>"; };
		0F4171481CFE6E340043A98B /* InterestsTableViewCell.xib */ = {isa = PBXFileReference; fileEncoding = 4; lastKnownFileType = file.xib; path = InterestsTableViewCell.xib; sourceTree = "<group>"; };
		0F4171511CFF52CF0043A98B /* FeedCardTableViewCell.xib */ = {isa = PBXFileReference; fileEncoding = 4; lastKnownFileType = file.xib; path = FeedCardTableViewCell.xib; sourceTree = "<group>"; };
		0F4F99621CCBB413006628CF /* ChatListViewController.swift */ = {isa = PBXFileReference; fileEncoding = 4; lastKnownFileType = sourcecode.swift; path = ChatListViewController.swift; sourceTree = "<group>"; };
		0F4F99641CCBB4FC006628CF /* ChatListTableViewCell.swift */ = {isa = PBXFileReference; fileEncoding = 4; lastKnownFileType = sourcecode.swift; path = ChatListTableViewCell.swift; sourceTree = "<group>"; };
		0F5505801CF86830005229D7 /* RootTabBarViewController.swift */ = {isa = PBXFileReference; fileEncoding = 4; lastKnownFileType = sourcecode.swift; path = RootTabBarViewController.swift; sourceTree = "<group>"; };
		0F5505861CF8B7EC005229D7 /* sign-in-background.png */ = {isa = PBXFileReference; lastKnownFileType = image.png; path = "sign-in-background.png"; sourceTree = "<group>"; };
		0F5505881CF8BD5B005229D7 /* background-proja.png */ = {isa = PBXFileReference; lastKnownFileType = image.png; path = "background-proja.png"; sourceTree = "<group>"; };
		0F55058A1CF8BD61005229D7 /* signup-button.png */ = {isa = PBXFileReference; lastKnownFileType = image.png; path = "signup-button.png"; sourceTree = "<group>"; };
		0F6076DC1CFFAE3300926E6E /* SignInViewController.swift */ = {isa = PBXFileReference; fileEncoding = 4; lastKnownFileType = sourcecode.swift; path = SignInViewController.swift; sourceTree = "<group>"; };
		0F6076DE1CFFB40B00926E6E /* SignInHelper.swift */ = {isa = PBXFileReference; fileEncoding = 4; lastKnownFileType = sourcecode.swift; path = SignInHelper.swift; sourceTree = "<group>"; };
		0F6785B11CC6C7FC00F89541 /* FeedCardTableViewCell.swift */ = {isa = PBXFileReference; fileEncoding = 4; lastKnownFileType = sourcecode.swift; path = FeedCardTableViewCell.swift; sourceTree = "<group>"; };
		0F6785B31CC6D70200F89541 /* profile_pic.jpg */ = {isa = PBXFileReference; lastKnownFileType = image.jpeg; path = profile_pic.jpg; sourceTree = "<group>"; };
		0F6785B61CC6F32400F89541 /* card separator.png */ = {isa = PBXFileReference; lastKnownFileType = image.png; path = "card separator.png"; sourceTree = "<group>"; };
		0F6785B81CC6F32400F89541 /* location pin.png */ = {isa = PBXFileReference; lastKnownFileType = image.png; path = "location pin.png"; sourceTree = "<group>"; };
		0F6785C21CC6F58600F89541 /* like default.png */ = {isa = PBXFileReference; lastKnownFileType = image.png; path = "like default.png"; sourceTree = "<group>"; };
		0F6785C31CC6F58600F89541 /* like selected.png */ = {isa = PBXFileReference; lastKnownFileType = image.png; path = "like selected.png"; sourceTree = "<group>"; };
		0F6785C61CC6F69A00F89541 /* message default.png */ = {isa = PBXFileReference; lastKnownFileType = image.png; path = "message default.png"; sourceTree = "<group>"; };
		0F6785C71CC6F69A00F89541 /* message selected.png */ = {isa = PBXFileReference; lastKnownFileType = image.png; path = "message selected.png"; sourceTree = "<group>"; };
		0F6785C81CC6F69A00F89541 /* other default.png */ = {isa = PBXFileReference; lastKnownFileType = image.png; path = "other default.png"; sourceTree = "<group>"; };
		0F6785C91CC6F69A00F89541 /* other selected.png */ = {isa = PBXFileReference; lastKnownFileType = image.png; path = "other selected.png"; sourceTree = "<group>"; };
		0F6785CA1CC6F69A00F89541 /* share default.png */ = {isa = PBXFileReference; lastKnownFileType = image.png; path = "share default.png"; sourceTree = "<group>"; };
		0F6785CB1CC6F69A00F89541 /* share selected.png */ = {isa = PBXFileReference; lastKnownFileType = image.png; path = "share selected.png"; sourceTree = "<group>"; };
		0F6785DA1CC983CE00F89541 /* messages.png */ = {isa = PBXFileReference; lastKnownFileType = image.png; path = messages.png; sourceTree = "<group>"; };
		0F6785DB1CC983CE00F89541 /* messages@2x.png */ = {isa = PBXFileReference; lastKnownFileType = image.png; path = "messages@2x.png"; sourceTree = "<group>"; };
		0F6785DC1CC983CE00F89541 /* messages@3x.png */ = {isa = PBXFileReference; lastKnownFileType = image.png; path = "messages@3x.png"; sourceTree = "<group>"; };
		0F6785DD1CC983CE00F89541 /* settings.png */ = {isa = PBXFileReference; lastKnownFileType = image.png; path = settings.png; sourceTree = "<group>"; };
		0F6785DE1CC983CE00F89541 /* settings@2x.png */ = {isa = PBXFileReference; lastKnownFileType = image.png; path = "settings@2x.png"; sourceTree = "<group>"; };
		0F6785DF1CC983CE00F89541 /* settings@3x.png */ = {isa = PBXFileReference; lastKnownFileType = image.png; path = "settings@3x.png"; sourceTree = "<group>"; };
		0F6785E61CC98C8C00F89541 /* photo.png */ = {isa = PBXFileReference; lastKnownFileType = image.png; path = photo.png; sourceTree = "<group>"; };
		0F6785E71CC98C8C00F89541 /* post.png */ = {isa = PBXFileReference; lastKnownFileType = image.png; path = post.png; sourceTree = "<group>"; };
		0F6785EA1CC99F2300F89541 /* vertical_separator.png */ = {isa = PBXFileReference; lastKnownFileType = image.png; path = vertical_separator.png; sourceTree = "<group>"; };
		0F7896AB1CCC2E3A004FCCD3 /* ConversationViewController.swift */ = {isa = PBXFileReference; fileEncoding = 4; lastKnownFileType = sourcecode.swift; path = ConversationViewController.swift; sourceTree = "<group>"; };
		0F82D22F1CE3803600C779E5 /* SettingsViewController.swift */ = {isa = PBXFileReference; fileEncoding = 4; lastKnownFileType = sourcecode.swift; path = SettingsViewController.swift; sourceTree = "<group>"; };
		0F82D2311CE38F1300C779E5 /* ProfileTableViewCell.swift */ = {isa = PBXFileReference; fileEncoding = 4; lastKnownFileType = sourcecode.swift; path = ProfileTableViewCell.swift; sourceTree = "<group>"; };
		0F82D2331CE38F2100C779E5 /* ProfileTableViewCell.xib */ = {isa = PBXFileReference; fileEncoding = 4; lastKnownFileType = file.xib; path = ProfileTableViewCell.xib; sourceTree = "<group>"; };
		0F82D2351CE3E58F00C779E5 /* SettingsTableViewCell.swift */ = {isa = PBXFileReference; fileEncoding = 4; lastKnownFileType = sourcecode.swift; path = SettingsTableViewCell.swift; sourceTree = "<group>"; };
		0F82D2361CE3E58F00C779E5 /* SettingsTableViewCell.xib */ = {isa = PBXFileReference; fileEncoding = 4; lastKnownFileType = file.xib; path = SettingsTableViewCell.xib; sourceTree = "<group>"; };
		0FA4D7BA1CB410710085371E /* linkedinbutton.png */ = {isa = PBXFileReference; lastKnownFileType = image.png; path = linkedinbutton.png; sourceTree = "<group>"; };
		0FC223A91C99BFA1006DD18B /* ProjaBox.app */ = {isa = PBXFileReference; explicitFileType = wrapper.application; includeInIndex = 0; path = ProjaBox.app; sourceTree = BUILT_PRODUCTS_DIR; };
		0FC223AC1C99BFA1006DD18B /* AppDelegate.swift */ = {isa = PBXFileReference; lastKnownFileType = sourcecode.swift; path = AppDelegate.swift; sourceTree = "<group>"; };
		0FC223AE1C99BFA1006DD18B /* LoginViewController.swift */ = {isa = PBXFileReference; lastKnownFileType = sourcecode.swift; path = LoginViewController.swift; sourceTree = "<group>"; };
		0FC223B11C99BFA1006DD18B /* Base */ = {isa = PBXFileReference; lastKnownFileType = file.storyboard; name = Base; path = Base.lproj/Main.storyboard; sourceTree = "<group>"; };
		0FC223B31C99BFA1006DD18B /* Assets.xcassets */ = {isa = PBXFileReference; lastKnownFileType = folder.assetcatalog; path = Assets.xcassets; sourceTree = "<group>"; };
		0FC223B61C99BFA1006DD18B /* Base */ = {isa = PBXFileReference; lastKnownFileType = file.storyboard; name = Base; path = Base.lproj/LaunchScreen.storyboard; sourceTree = "<group>"; };
		0FC223B81C99BFA1006DD18B /* Info.plist */ = {isa = PBXFileReference; lastKnownFileType = text.plist.xml; path = Info.plist; sourceTree = "<group>"; };
		0FC223BD1C99BFA1006DD18B /* ProjaBoxTests.xctest */ = {isa = PBXFileReference; explicitFileType = wrapper.cfbundle; includeInIndex = 0; path = ProjaBoxTests.xctest; sourceTree = BUILT_PRODUCTS_DIR; };
		0FC223C11C99BFA1006DD18B /* ProjaBoxTests.swift */ = {isa = PBXFileReference; lastKnownFileType = sourcecode.swift; path = ProjaBoxTests.swift; sourceTree = "<group>"; };
		0FC223C31C99BFA1006DD18B /* Info.plist */ = {isa = PBXFileReference; lastKnownFileType = text.plist.xml; path = Info.plist; sourceTree = "<group>"; };
		0FC223C81C99BFA1006DD18B /* ProjaBoxUITests.xctest */ = {isa = PBXFileReference; explicitFileType = wrapper.cfbundle; includeInIndex = 0; path = ProjaBoxUITests.xctest; sourceTree = BUILT_PRODUCTS_DIR; };
		0FC223CC1C99BFA1006DD18B /* ProjaBoxUITests.swift */ = {isa = PBXFileReference; lastKnownFileType = sourcecode.swift; path = ProjaBoxUITests.swift; sourceTree = "<group>"; };
		0FC223CE1C99BFA1006DD18B /* Info.plist */ = {isa = PBXFileReference; lastKnownFileType = text.plist.xml; path = Info.plist; sourceTree = "<group>"; };
		0FCCBAAF1C9EDEC90007F427 /* SignUpViewController.swift */ = {isa = PBXFileReference; fileEncoding = 4; lastKnownFileType = sourcecode.swift; path = SignUpViewController.swift; sourceTree = "<group>"; };
		0FD43C5B1CF5F6670061E4E9 /* background.png */ = {isa = PBXFileReference; lastKnownFileType = image.png; path = background.png; sourceTree = "<group>"; };
		0FD43C5D1CF603560061E4E9 /* EducationExperienceTableViewCell.swift */ = {isa = PBXFileReference; fileEncoding = 4; lastKnownFileType = sourcecode.swift; path = EducationExperienceTableViewCell.swift; sourceTree = "<group>"; };
		0FD43C5F1CF603650061E4E9 /* EducationExperienceTableViewCell.xib */ = {isa = PBXFileReference; fileEncoding = 4; lastKnownFileType = file.xib; path = EducationExperienceTableViewCell.xib; sourceTree = "<group>"; };
		0FD43C611CF6111D0061E4E9 /* ProfileHeaderTableViewCell.swift */ = {isa = PBXFileReference; fileEncoding = 4; lastKnownFileType = sourcecode.swift; path = ProfileHeaderTableViewCell.swift; sourceTree = "<group>"; };
		0FD43C621CF6111D0061E4E9 /* ProfileHeaderTableViewCell.xib */ = {isa = PBXFileReference; fileEncoding = 4; lastKnownFileType = file.xib; path = ProfileHeaderTableViewCell.xib; sourceTree = "<group>"; };
		0FEF70041CFD1DC900A80D09 /* MoreSettingsViewController.swift */ = {isa = PBXFileReference; fileEncoding = 4; lastKnownFileType = sourcecode.swift; path = MoreSettingsViewController.swift; sourceTree = "<group>"; };
		1972BD44159C341D4EA83407 /* libPods-ProjaBoxTests.a */ = {isa = PBXFileReference; explicitFileType = archive.ar; includeInIndex = 0; path = "libPods-ProjaBoxTests.a"; sourceTree = BUILT_PRODUCTS_DIR; };
		3F5062BD9F28C8A9F1382FE1 /* Pods-ProjaBox.debug.xcconfig */ = {isa = PBXFileReference; includeInIndex = 1; lastKnownFileType = text.xcconfig; name = "Pods-ProjaBox.debug.xcconfig"; path = "Pods/Target Support Files/Pods-ProjaBox/Pods-ProjaBox.debug.xcconfig"; sourceTree = "<group>"; };
		4BEDE38E9DEAB171D992EEAC /* Pods-ProjaBox.release.xcconfig */ = {isa = PBXFileReference; includeInIndex = 1; lastKnownFileType = text.xcconfig; name = "Pods-ProjaBox.release.xcconfig"; path = "Pods/Target Support Files/Pods-ProjaBox/Pods-ProjaBox.release.xcconfig"; sourceTree = "<group>"; };
		54EF224DD9BF1BCABCD43CB0 /* libPods-ProjaBoxUITests.a */ = {isa = PBXFileReference; explicitFileType = archive.ar; includeInIndex = 0; path = "libPods-ProjaBoxUITests.a"; sourceTree = BUILT_PRODUCTS_DIR; };
		6A9A16D4FD5883A98C630899 /* Pods-ProjaBoxTests.debug.xcconfig */ = {isa = PBXFileReference; includeInIndex = 1; lastKnownFileType = text.xcconfig; name = "Pods-ProjaBoxTests.debug.xcconfig"; path = "Pods/Target Support Files/Pods-ProjaBoxTests/Pods-ProjaBoxTests.debug.xcconfig"; sourceTree = "<group>"; };
		BD8C2AC1AD642B9DA526D819 /* Pods_ProjaBox.framework */ = {isa = PBXFileReference; explicitFileType = wrapper.framework; includeInIndex = 0; path = Pods_ProjaBox.framework; sourceTree = BUILT_PRODUCTS_DIR; };
		E337D5F3F114D9EA1585D942 /* Pods-ProjaBoxUITests.release.xcconfig */ = {isa = PBXFileReference; includeInIndex = 1; lastKnownFileType = text.xcconfig; name = "Pods-ProjaBoxUITests.release.xcconfig"; path = "Pods/Target Support Files/Pods-ProjaBoxUITests/Pods-ProjaBoxUITests.release.xcconfig"; sourceTree = "<group>"; };
		FC1DDDA316FCCA8952C1805E /* Pods-ProjaBoxUITests.debug.xcconfig */ = {isa = PBXFileReference; includeInIndex = 1; lastKnownFileType = text.xcconfig; name = "Pods-ProjaBoxUITests.debug.xcconfig"; path = "Pods/Target Support Files/Pods-ProjaBoxUITests/Pods-ProjaBoxUITests.debug.xcconfig"; sourceTree = "<group>"; };
/* End PBXFileReference section */

/* Begin PBXFrameworksBuildPhase section */
		0FC223A61C99BFA1006DD18B /* Frameworks */ = {
			isa = PBXFrameworksBuildPhase;
			buildActionMask = 2147483647;
			files = (
				0F08DD2B1CB44DFF008B7C57 /* linkedin-sdk.framework in Frameworks */,
				D0F1697A9E5052EFD1C5009F /* Pods_ProjaBox.framework in Frameworks */,
			);
			runOnlyForDeploymentPostprocessing = 0;
		};
		0FC223BA1C99BFA1006DD18B /* Frameworks */ = {
			isa = PBXFrameworksBuildPhase;
			buildActionMask = 2147483647;
			files = (
				5590CD478479293914B639F5 /* libPods-ProjaBoxTests.a in Frameworks */,
			);
			runOnlyForDeploymentPostprocessing = 0;
		};
		0FC223C51C99BFA1006DD18B /* Frameworks */ = {
			isa = PBXFrameworksBuildPhase;
			buildActionMask = 2147483647;
			files = (
				546933A5EFA37BBA5FBB6670 /* libPods-ProjaBoxUITests.a in Frameworks */,
			);
			runOnlyForDeploymentPostprocessing = 0;
		};
/* End PBXFrameworksBuildPhase section */

/* Begin PBXGroup section */
		0F08DD2C1CB7228A008B7C57 /* Controller */ = {
			isa = PBXGroup;
			children = (
				0F08DD2E1CB722BA008B7C57 /* SharingHelper.swift */,
				0F3A0C8D1CD2BD52005C6C23 /* Login */,
				0F3A0C8E1CD2BD68005C6C23 /* Feed */,
				0F09352B1CA81C4A00AC2C59 /* ProfileViewController.swift */,
				0F09352D1CA81C5800AC2C59 /* ProjectViewController.swift */,
			);
			name = Controller;
			sourceTree = "<group>";
		};
		0F08DD2D1CB722A0008B7C57 /* Model */ = {
			isa = PBXGroup;
			children = (
				0F0D88921CFC87E60074E5E6 /* Server.swift */,
				0F6076DE1CFFB40B00926E6E /* SignInHelper.swift */,
			);
			name = Model;
			sourceTree = "<group>";
		};
		0F3A0C8D1CD2BD52005C6C23 /* Login */ = {
			isa = PBXGroup;
			children = (
				0FC223AE1C99BFA1006DD18B /* LoginViewController.swift */,
				0F6076DC1CFFAE3300926E6E /* SignInViewController.swift */,
				0FCCBAAF1C9EDEC90007F427 /* SignUpViewController.swift */,
				0F0D88901CFC74330074E5E6 /* SignUpPasswordViewController.swift */,
			);
			name = Login;
			sourceTree = "<group>";
		};
		0F3A0C8E1CD2BD68005C6C23 /* Feed */ = {
			isa = PBXGroup;
			children = (
				0F0935291CA81C4000AC2C59 /* FeedViewController.swift */,
				0F3A0C8F1CD2BD81005C6C23 /* PostDetailsViewController.swift */,
				0F4F99621CCBB413006628CF /* ChatListViewController.swift */,
				0F7896AB1CCC2E3A004FCCD3 /* ConversationViewController.swift */,
				0F0B62401CD0206200F209B8 /* CreatingPostViewController.swift */,
				0F82D22F1CE3803600C779E5 /* SettingsViewController.swift */,
				0FEF70041CFD1DC900A80D09 /* MoreSettingsViewController.swift */,
			);
			name = Feed;
			sourceTree = "<group>";
		};
		0F6785B01CC6C7DC00F89541 /* View */ = {
			isa = PBXGroup;
			children = (
				0FC223B01C99BFA1006DD18B /* Main.storyboard */,
				0F6785B11CC6C7FC00F89541 /* FeedCardTableViewCell.swift */,
				0F4171511CFF52CF0043A98B /* FeedCardTableViewCell.xib */,
				0F4F99641CCBB4FC006628CF /* ChatListTableViewCell.swift */,
				0F15C4721CD3D65900E2E4B9 /* CommentTableViewCell.swift */,
				0F15C4741CD3D68400E2E4B9 /* CommentTableViewCell.xib */,
				0F15C47A1CD427AC00E2E4B9 /* LikesTableViewCell.swift */,
				0F15C47B1CD427AC00E2E4B9 /* LikesTableViewCell.xib */,
				0F15C4821CD42DDA00E2E4B9 /* PostDetailsTableViewCell.swift */,
				0F15C4841CD42DE700E2E4B9 /* PostDetailsTableViewCell.xib */,
				0F82D2311CE38F1300C779E5 /* ProfileTableViewCell.swift */,
				0F82D2331CE38F2100C779E5 /* ProfileTableViewCell.xib */,
				0F82D2351CE3E58F00C779E5 /* SettingsTableViewCell.swift */,
				0F82D2361CE3E58F00C779E5 /* SettingsTableViewCell.xib */,
				0FD43C5D1CF603560061E4E9 /* EducationExperienceTableViewCell.swift */,
				0FD43C5F1CF603650061E4E9 /* EducationExperienceTableViewCell.xib */,
				0FD43C611CF6111D0061E4E9 /* ProfileHeaderTableViewCell.swift */,
				0FD43C621CF6111D0061E4E9 /* ProfileHeaderTableViewCell.xib */,
				0F5505801CF86830005229D7 /* RootTabBarViewController.swift */,
				0F4171451CFE37870043A98B /* PillLabel.swift */,
				0F4171471CFE6E340043A98B /* InterestsTableViewCell.swift */,
				0F4171481CFE6E340043A98B /* InterestsTableViewCell.xib */,
			);
			name = View;
			sourceTree = "<group>";
		};
		0F6785B51CC6F2F200F89541 /* Card View */ = {
			isa = PBXGroup;
			children = (
				0F6785C21CC6F58600F89541 /* like default.png */,
				0F6785C31CC6F58600F89541 /* like selected.png */,
				0F6785B61CC6F32400F89541 /* card separator.png */,
				0F6785B81CC6F32400F89541 /* location pin.png */,
				0F6785C61CC6F69A00F89541 /* message default.png */,
				0F6785C71CC6F69A00F89541 /* message selected.png */,
				0F6785C81CC6F69A00F89541 /* other default.png */,
				0F6785C91CC6F69A00F89541 /* other selected.png */,
				0F6785CA1CC6F69A00F89541 /* share default.png */,
				0F6785CB1CC6F69A00F89541 /* share selected.png */,
			);
			name = "Card View";
			sourceTree = "<group>";
		};
		0FA4D7B91CB410630085371E /* Assets */ = {
			isa = PBXGroup;
			children = (
				0F4171431CFDFCA10043A98B /* tab-bar-background.png */,
				0F0D888C1CFC70CC0074E5E6 /* facebook-button.png */,
				0F0D888D1CFC70CC0074E5E6 /* linked-button.png */,
				0F55058A1CF8BD61005229D7 /* signup-button.png */,
				0F5505881CF8BD5B005229D7 /* background-proja.png */,
				0F5505861CF8B7EC005229D7 /* sign-in-background.png */,
				0FD43C5B1CF5F6670061E4E9 /* background.png */,
				0F15C4861CD542F000E2E4B9 /* telegram.png */,
				0F6785E61CC98C8C00F89541 /* photo.png */,
				0F6785E71CC98C8C00F89541 /* post.png */,
				0F6785DA1CC983CE00F89541 /* messages.png */,
				0F6785DB1CC983CE00F89541 /* messages@2x.png */,
				0F6785DC1CC983CE00F89541 /* messages@3x.png */,
				0F6785DD1CC983CE00F89541 /* settings.png */,
				0F6785DE1CC983CE00F89541 /* settings@2x.png */,
				0F6785DF1CC983CE00F89541 /* settings@3x.png */,
				0F6785B51CC6F2F200F89541 /* Card View */,
				0F6785B31CC6D70200F89541 /* profile_pic.jpg */,
				0FA4D7BA1CB410710085371E /* linkedinbutton.png */,
				0F08DD301CB7C91B008B7C57 /* testimage.jpeg */,
				0F6785EA1CC99F2300F89541 /* vertical_separator.png */,
			);
			name = Assets;
			sourceTree = "<group>";
		};
		0FC223A01C99BFA1006DD18B = {
			isa = PBXGroup;
			children = (
				0FC223AB1C99BFA1006DD18B /* ProjaBox */,
				0FC223DA1C99C134006DD18B /* Frameworks */,
				0FC223C01C99BFA1006DD18B /* ProjaBoxTests */,
				0FC223CB1C99BFA1006DD18B /* ProjaBoxUITests */,
				0FC223AA1C99BFA1006DD18B /* Products */,
				C486F61000CD9E10FEA0FD62 /* Pods */,
			);
			sourceTree = "<group>";
		};
		0FC223AA1C99BFA1006DD18B /* Products */ = {
			isa = PBXGroup;
			children = (
				0FC223A91C99BFA1006DD18B /* ProjaBox.app */,
				0FC223BD1C99BFA1006DD18B /* ProjaBoxTests.xctest */,
				0FC223C81C99BFA1006DD18B /* ProjaBoxUITests.xctest */,
			);
			name = Products;
			sourceTree = "<group>";
		};
		0FC223AB1C99BFA1006DD18B /* ProjaBox */ = {
			isa = PBXGroup;
			children = (
				0F08DD291CB44C1F008B7C57 /* BridgingHeader.h */,
				0FA4D7B91CB410630085371E /* Assets */,
				0FC223AC1C99BFA1006DD18B /* AppDelegate.swift */,
				0F08DD2D1CB722A0008B7C57 /* Model */,
				0F08DD2C1CB7228A008B7C57 /* Controller */,
				0F6785B01CC6C7DC00F89541 /* View */,
				0FC223B31C99BFA1006DD18B /* Assets.xcassets */,
				0FC223B51C99BFA1006DD18B /* LaunchScreen.storyboard */,
				0FC223B81C99BFA1006DD18B /* Info.plist */,
			);
			path = ProjaBox;
			sourceTree = "<group>";
		};
		0FC223C01C99BFA1006DD18B /* ProjaBoxTests */ = {
			isa = PBXGroup;
			children = (
				0FC223C11C99BFA1006DD18B /* ProjaBoxTests.swift */,
				0FC223C31C99BFA1006DD18B /* Info.plist */,
			);
			path = ProjaBoxTests;
			sourceTree = "<group>";
		};
		0FC223CB1C99BFA1006DD18B /* ProjaBoxUITests */ = {
			isa = PBXGroup;
			children = (
				0FC223CC1C99BFA1006DD18B /* ProjaBoxUITests.swift */,
				0FC223CE1C99BFA1006DD18B /* Info.plist */,
			);
			path = ProjaBoxUITests;
			sourceTree = "<group>";
		};
		0FC223DA1C99C134006DD18B /* Frameworks */ = {
			isa = PBXGroup;
			children = (
				0F08DD2A1CB44DFF008B7C57 /* linkedin-sdk.framework */,
				BD8C2AC1AD642B9DA526D819 /* Pods_ProjaBox.framework */,
				1972BD44159C341D4EA83407 /* libPods-ProjaBoxTests.a */,
				54EF224DD9BF1BCABCD43CB0 /* libPods-ProjaBoxUITests.a */,
			);
			name = Frameworks;
			sourceTree = "<group>";
		};
		C486F61000CD9E10FEA0FD62 /* Pods */ = {
			isa = PBXGroup;
			children = (
				3F5062BD9F28C8A9F1382FE1 /* Pods-ProjaBox.debug.xcconfig */,
				4BEDE38E9DEAB171D992EEAC /* Pods-ProjaBox.release.xcconfig */,
				6A9A16D4FD5883A98C630899 /* Pods-ProjaBoxTests.debug.xcconfig */,
				0EAA2094654456A2DD73019B /* Pods-ProjaBoxTests.release.xcconfig */,
				FC1DDDA316FCCA8952C1805E /* Pods-ProjaBoxUITests.debug.xcconfig */,
				E337D5F3F114D9EA1585D942 /* Pods-ProjaBoxUITests.release.xcconfig */,
			);
			name = Pods;
			sourceTree = "<group>";
		};
/* End PBXGroup section */

/* Begin PBXNativeTarget section */
		0FC223A81C99BFA1006DD18B /* ProjaBox */ = {
			isa = PBXNativeTarget;
			buildConfigurationList = 0FC223D11C99BFA1006DD18B /* Build configuration list for PBXNativeTarget "ProjaBox" */;
			buildPhases = (
				C991C4F1C1A857D59A21D346 /* 📦 Check Pods Manifest.lock */,
				0FC223A51C99BFA1006DD18B /* Sources */,
				0FC223A61C99BFA1006DD18B /* Frameworks */,
				0FC223A71C99BFA1006DD18B /* Resources */,
				FAD0FCAB8C251402917D0915 /* 📦 Embed Pods Frameworks */,
				9FD3C0827F22169AEF734DC9 /* 📦 Copy Pods Resources */,
			);
			buildRules = (
			);
			dependencies = (
			);
			name = ProjaBox;
			productName = ProjaBox;
			productReference = 0FC223A91C99BFA1006DD18B /* ProjaBox.app */;
			productType = "com.apple.product-type.application";
		};
		0FC223BC1C99BFA1006DD18B /* ProjaBoxTests */ = {
			isa = PBXNativeTarget;
			buildConfigurationList = 0FC223D41C99BFA1006DD18B /* Build configuration list for PBXNativeTarget "ProjaBoxTests" */;
			buildPhases = (
				FF298C7D76C9F57BAD58ABCB /* 📦 Check Pods Manifest.lock */,
				0FC223B91C99BFA1006DD18B /* Sources */,
				0FC223BA1C99BFA1006DD18B /* Frameworks */,
				0FC223BB1C99BFA1006DD18B /* Resources */,
				2987D041B4DBB52E9025E7EA /* 📦 Embed Pods Frameworks */,
				045066006D21CB267BF83086 /* 📦 Copy Pods Resources */,
			);
			buildRules = (
			);
			dependencies = (
				0FC223BF1C99BFA1006DD18B /* PBXTargetDependency */,
			);
			name = ProjaBoxTests;
			productName = ProjaBoxTests;
			productReference = 0FC223BD1C99BFA1006DD18B /* ProjaBoxTests.xctest */;
			productType = "com.apple.product-type.bundle.unit-test";
		};
		0FC223C71C99BFA1006DD18B /* ProjaBoxUITests */ = {
			isa = PBXNativeTarget;
			buildConfigurationList = 0FC223D71C99BFA1006DD18B /* Build configuration list for PBXNativeTarget "ProjaBoxUITests" */;
			buildPhases = (
				BB9238DC06949B333F0835AA /* 📦 Check Pods Manifest.lock */,
				0FC223C41C99BFA1006DD18B /* Sources */,
				0FC223C51C99BFA1006DD18B /* Frameworks */,
				0FC223C61C99BFA1006DD18B /* Resources */,
				EE122093272650FEFDB28495 /* 📦 Copy Pods Resources */,
			);
			buildRules = (
			);
			dependencies = (
				0FC223CA1C99BFA1006DD18B /* PBXTargetDependency */,
			);
			name = ProjaBoxUITests;
			productName = ProjaBoxUITests;
			productReference = 0FC223C81C99BFA1006DD18B /* ProjaBoxUITests.xctest */;
			productType = "com.apple.product-type.bundle.ui-testing";
		};
/* End PBXNativeTarget section */

/* Begin PBXProject section */
		0FC223A11C99BFA1006DD18B /* Project object */ = {
			isa = PBXProject;
			attributes = {
				LastSwiftUpdateCheck = 0720;
				LastUpgradeCheck = 0720;
				ORGANIZATIONNAME = "Alexandru Clapa";
				TargetAttributes = {
					0FC223A81C99BFA1006DD18B = {
						CreatedOnToolsVersion = 7.2.1;
					};
					0FC223BC1C99BFA1006DD18B = {
						CreatedOnToolsVersion = 7.2.1;
						TestTargetID = 0FC223A81C99BFA1006DD18B;
					};
					0FC223C71C99BFA1006DD18B = {
						CreatedOnToolsVersion = 7.2.1;
						TestTargetID = 0FC223A81C99BFA1006DD18B;
					};
				};
			};
			buildConfigurationList = 0FC223A41C99BFA1006DD18B /* Build configuration list for PBXProject "ProjaBox" */;
			compatibilityVersion = "Xcode 3.2";
			developmentRegion = English;
			hasScannedForEncodings = 0;
			knownRegions = (
				en,
				Base,
			);
			mainGroup = 0FC223A01C99BFA1006DD18B;
			productRefGroup = 0FC223AA1C99BFA1006DD18B /* Products */;
			projectDirPath = "";
			projectRoot = "";
			targets = (
				0FC223A81C99BFA1006DD18B /* ProjaBox */,
				0FC223BC1C99BFA1006DD18B /* ProjaBoxTests */,
				0FC223C71C99BFA1006DD18B /* ProjaBoxUITests */,
			);
		};
/* End PBXProject section */

/* Begin PBXResourcesBuildPhase section */
		0FC223A71C99BFA1006DD18B /* Resources */ = {
			isa = PBXResourcesBuildPhase;
			buildActionMask = 2147483647;
			files = (
				0F41714A1CFE6E340043A98B /* InterestsTableViewCell.xib in Resources */,
				0F6785E51CC983CE00F89541 /* settings@3x.png in Resources */,
				0FD43C5C1CF5F6670061E4E9 /* background.png in Resources */,
				0F08DD311CB7C91B008B7C57 /* testimage.jpeg in Resources */,
				0F15C47D1CD427AC00E2E4B9 /* LikesTableViewCell.xib in Resources */,
				0F6785D11CC6F69A00F89541 /* share selected.png in Resources */,
				0F0D888E1CFC70CC0074E5E6 /* facebook-button.png in Resources */,
				0F6785BE1CC6F32400F89541 /* location pin.png in Resources */,
				0F5505891CF8BD5B005229D7 /* background-proja.png in Resources */,
				0FC223B71C99BFA1006DD18B /* LaunchScreen.storyboard in Resources */,
				0F6785BC1CC6F32400F89541 /* card separator.png in Resources */,
				0FD43C601CF603650061E4E9 /* EducationExperienceTableViewCell.xib in Resources */,
				0FC223B41C99BFA1006DD18B /* Assets.xcassets in Resources */,
				0F0D888F1CFC70CC0074E5E6 /* linked-button.png in Resources */,
				0F15C4851CD42DE700E2E4B9 /* PostDetailsTableViewCell.xib in Resources */,
				0F6785CC1CC6F69A00F89541 /* message default.png in Resources */,
				0F6785CD1CC6F69A00F89541 /* message selected.png in Resources */,
				0F82D2381CE3E59000C779E5 /* SettingsTableViewCell.xib in Resources */,
				0F5505871CF8B7EC005229D7 /* sign-in-background.png in Resources */,
				0F6785E91CC98C8C00F89541 /* post.png in Resources */,
				0FC223B21C99BFA1006DD18B /* Main.storyboard in Resources */,
				0F6785E01CC983CE00F89541 /* messages.png in Resources */,
				0F6785E21CC983CE00F89541 /* messages@3x.png in Resources */,
				0F6785E11CC983CE00F89541 /* messages@2x.png in Resources */,
				0F6785E81CC98C8C00F89541 /* photo.png in Resources */,
				0F4171521CFF52CF0043A98B /* FeedCardTableViewCell.xib in Resources */,
				0F6785EB1CC99F2300F89541 /* vertical_separator.png in Resources */,
				0F6785CF1CC6F69A00F89541 /* other selected.png in Resources */,
				0F15C4871CD542F000E2E4B9 /* telegram.png in Resources */,
				0F15C4751CD3D68400E2E4B9 /* CommentTableViewCell.xib in Resources */,
				0F6785CE1CC6F69A00F89541 /* other default.png in Resources */,
				0F6785C41CC6F58600F89541 /* like default.png in Resources */,
				0FD43C641CF6111D0061E4E9 /* ProfileHeaderTableViewCell.xib in Resources */,
				0F6785B41CC6D70200F89541 /* profile_pic.jpg in Resources */,
				0F6785E41CC983CE00F89541 /* settings@2x.png in Resources */,
				0F55058B1CF8BD61005229D7 /* signup-button.png in Resources */,
				0F6785E31CC983CE00F89541 /* settings.png in Resources */,
				0FA4D7BB1CB410710085371E /* linkedinbutton.png in Resources */,
				0F6785D01CC6F69A00F89541 /* share default.png in Resources */,
				0F6785C51CC6F58600F89541 /* like selected.png in Resources */,
				0F82D2341CE38F2100C779E5 /* ProfileTableViewCell.xib in Resources */,
				0F4171441CFDFCA10043A98B /* tab-bar-background.png in Resources */,
			);
			runOnlyForDeploymentPostprocessing = 0;
		};
		0FC223BB1C99BFA1006DD18B /* Resources */ = {
			isa = PBXResourcesBuildPhase;
			buildActionMask = 2147483647;
			files = (
			);
			runOnlyForDeploymentPostprocessing = 0;
		};
		0FC223C61C99BFA1006DD18B /* Resources */ = {
			isa = PBXResourcesBuildPhase;
			buildActionMask = 2147483647;
			files = (
			);
			runOnlyForDeploymentPostprocessing = 0;
		};
/* End PBXResourcesBuildPhase section */

/* Begin PBXShellScriptBuildPhase section */
		045066006D21CB267BF83086 /* 📦 Copy Pods Resources */ = {
			isa = PBXShellScriptBuildPhase;
			buildActionMask = 2147483647;
			files = (
			);
			inputPaths = (
			);
			name = "📦 Copy Pods Resources";
			outputPaths = (
			);
			runOnlyForDeploymentPostprocessing = 0;
			shellPath = /bin/sh;
			shellScript = "\"${SRCROOT}/Pods/Target Support Files/Pods-ProjaBoxTests/Pods-ProjaBoxTests-resources.sh\"\n";
			showEnvVarsInLog = 0;
		};
		2987D041B4DBB52E9025E7EA /* 📦 Embed Pods Frameworks */ = {
			isa = PBXShellScriptBuildPhase;
			buildActionMask = 2147483647;
			files = (
			);
			inputPaths = (
			);
			name = "📦 Embed Pods Frameworks";
			outputPaths = (
			);
			runOnlyForDeploymentPostprocessing = 0;
			shellPath = /bin/sh;
			shellScript = "\"${SRCROOT}/Pods/Target Support Files/Pods-ProjaBoxTests/Pods-ProjaBoxTests-frameworks.sh\"\n";
			showEnvVarsInLog = 0;
		};
		9FD3C0827F22169AEF734DC9 /* 📦 Copy Pods Resources */ = {
			isa = PBXShellScriptBuildPhase;
			buildActionMask = 2147483647;
			files = (
			);
			inputPaths = (
			);
			name = "📦 Copy Pods Resources";
			outputPaths = (
			);
			runOnlyForDeploymentPostprocessing = 0;
			shellPath = /bin/sh;
			shellScript = "\"${SRCROOT}/Pods/Target Support Files/Pods-ProjaBox/Pods-ProjaBox-resources.sh\"\n";
			showEnvVarsInLog = 0;
		};
		BB9238DC06949B333F0835AA /* 📦 Check Pods Manifest.lock */ = {
			isa = PBXShellScriptBuildPhase;
			buildActionMask = 2147483647;
			files = (
			);
			inputPaths = (
			);
			name = "📦 Check Pods Manifest.lock";
			outputPaths = (
			);
			runOnlyForDeploymentPostprocessing = 0;
			shellPath = /bin/sh;
			shellScript = "diff \"${PODS_ROOT}/../Podfile.lock\" \"${PODS_ROOT}/Manifest.lock\" > /dev/null\nif [[ $? != 0 ]] ; then\n    cat << EOM\nerror: The sandbox is not in sync with the Podfile.lock. Run 'pod install' or update your CocoaPods installation.\nEOM\n    exit 1\nfi\n";
			showEnvVarsInLog = 0;
		};
		C991C4F1C1A857D59A21D346 /* 📦 Check Pods Manifest.lock */ = {
			isa = PBXShellScriptBuildPhase;
			buildActionMask = 2147483647;
			files = (
			);
			inputPaths = (
			);
			name = "📦 Check Pods Manifest.lock";
			outputPaths = (
			);
			runOnlyForDeploymentPostprocessing = 0;
			shellPath = /bin/sh;
			shellScript = "diff \"${PODS_ROOT}/../Podfile.lock\" \"${PODS_ROOT}/Manifest.lock\" > /dev/null\nif [[ $? != 0 ]] ; then\n    cat << EOM\nerror: The sandbox is not in sync with the Podfile.lock. Run 'pod install' or update your CocoaPods installation.\nEOM\n    exit 1\nfi\n";
			showEnvVarsInLog = 0;
		};
		EE122093272650FEFDB28495 /* 📦 Copy Pods Resources */ = {
			isa = PBXShellScriptBuildPhase;
			buildActionMask = 2147483647;
			files = (
			);
			inputPaths = (
			);
			name = "📦 Copy Pods Resources";
			outputPaths = (
			);
			runOnlyForDeploymentPostprocessing = 0;
			shellPath = /bin/sh;
			shellScript = "\"${SRCROOT}/Pods/Target Support Files/Pods-ProjaBoxUITests/Pods-ProjaBoxUITests-resources.sh\"\n";
			showEnvVarsInLog = 0;
		};
		FAD0FCAB8C251402917D0915 /* 📦 Embed Pods Frameworks */ = {
			isa = PBXShellScriptBuildPhase;
			buildActionMask = 2147483647;
			files = (
			);
			inputPaths = (
			);
			name = "📦 Embed Pods Frameworks";
			outputPaths = (
			);
			runOnlyForDeploymentPostprocessing = 0;
			shellPath = /bin/sh;
			shellScript = "\"${SRCROOT}/Pods/Target Support Files/Pods-ProjaBox/Pods-ProjaBox-frameworks.sh\"\n";
			showEnvVarsInLog = 0;
		};
		FF298C7D76C9F57BAD58ABCB /* 📦 Check Pods Manifest.lock */ = {
			isa = PBXShellScriptBuildPhase;
			buildActionMask = 2147483647;
			files = (
			);
			inputPaths = (
			);
			name = "📦 Check Pods Manifest.lock";
			outputPaths = (
			);
			runOnlyForDeploymentPostprocessing = 0;
			shellPath = /bin/sh;
			shellScript = "diff \"${PODS_ROOT}/../Podfile.lock\" \"${PODS_ROOT}/Manifest.lock\" > /dev/null\nif [[ $? != 0 ]] ; then\n    cat << EOM\nerror: The sandbox is not in sync with the Podfile.lock. Run 'pod install' or update your CocoaPods installation.\nEOM\n    exit 1\nfi\n";
			showEnvVarsInLog = 0;
		};
/* End PBXShellScriptBuildPhase section */

/* Begin PBXSourcesBuildPhase section */
		0FC223A51C99BFA1006DD18B /* Sources */ = {
			isa = PBXSourcesBuildPhase;
			buildActionMask = 2147483647;
			files = (
				0F6076DD1CFFAE3300926E6E /* SignInViewController.swift in Sources */,
				0FCCBAB01C9EDEC90007F427 /* SignUpViewController.swift in Sources */,
				0F4F99651CCBB4FC006628CF /* ChatListTableViewCell.swift in Sources */,
				0F0D88911CFC74330074E5E6 /* SignUpPasswordViewController.swift in Sources */,
				0F6076DF1CFFB40B00926E6E /* SignInHelper.swift in Sources */,
				0F15C47C1CD427AC00E2E4B9 /* LikesTableViewCell.swift in Sources */,
				0F82D2321CE38F1300C779E5 /* ProfileTableViewCell.swift in Sources */,
				0F0B62411CD0206200F209B8 /* CreatingPostViewController.swift in Sources */,
				0F82D2371CE3E59000C779E5 /* SettingsTableViewCell.swift in Sources */,
				0FEF70051CFD1DC900A80D09 /* MoreSettingsViewController.swift in Sources */,
				0F3A0C901CD2BD81005C6C23 /* PostDetailsViewController.swift in Sources */,
				0F08DD2F1CB722BA008B7C57 /* SharingHelper.swift in Sources */,
				0FC223AF1C99BFA1006DD18B /* LoginViewController.swift in Sources */,
				0F09352E1CA81C5800AC2C59 /* ProjectViewController.swift in Sources */,
				0F15C4831CD42DDA00E2E4B9 /* PostDetailsTableViewCell.swift in Sources */,
				0F4171461CFE37870043A98B /* PillLabel.swift in Sources */,
				0F09352C1CA81C4A00AC2C59 /* ProfileViewController.swift in Sources */,
				0F4171491CFE6E340043A98B /* InterestsTableViewCell.swift in Sources */,
				0F09352A1CA81C4000AC2C59 /* FeedViewController.swift in Sources */,
				0F4F99631CCBB413006628CF /* ChatListViewController.swift in Sources */,
				0F82D2301CE3803600C779E5 /* SettingsViewController.swift in Sources */,
				0FC223AD1C99BFA1006DD18B /* AppDelegate.swift in Sources */,
				0FD43C5E1CF603560061E4E9 /* EducationExperienceTableViewCell.swift in Sources */,
				0FD43C631CF6111D0061E4E9 /* ProfileHeaderTableViewCell.swift in Sources */,
				0F15C4731CD3D65900E2E4B9 /* CommentTableViewCell.swift in Sources */,
				0F7896AC1CCC2E3A004FCCD3 /* ConversationViewController.swift in Sources */,
				0F5505811CF86830005229D7 /* RootTabBarViewController.swift in Sources */,
				0F0D88931CFC87E60074E5E6 /* Server.swift in Sources */,
				0F6785B21CC6C7FC00F89541 /* FeedCardTableViewCell.swift in Sources */,
			);
			runOnlyForDeploymentPostprocessing = 0;
		};
		0FC223B91C99BFA1006DD18B /* Sources */ = {
			isa = PBXSourcesBuildPhase;
			buildActionMask = 2147483647;
			files = (
				0FC223C21C99BFA1006DD18B /* ProjaBoxTests.swift in Sources */,
			);
			runOnlyForDeploymentPostprocessing = 0;
		};
		0FC223C41C99BFA1006DD18B /* Sources */ = {
			isa = PBXSourcesBuildPhase;
			buildActionMask = 2147483647;
			files = (
				0FC223CD1C99BFA1006DD18B /* ProjaBoxUITests.swift in Sources */,
			);
			runOnlyForDeploymentPostprocessing = 0;
		};
/* End PBXSourcesBuildPhase section */

/* Begin PBXTargetDependency section */
		0FC223BF1C99BFA1006DD18B /* PBXTargetDependency */ = {
			isa = PBXTargetDependency;
			target = 0FC223A81C99BFA1006DD18B /* ProjaBox */;
			targetProxy = 0FC223BE1C99BFA1006DD18B /* PBXContainerItemProxy */;
		};
		0FC223CA1C99BFA1006DD18B /* PBXTargetDependency */ = {
			isa = PBXTargetDependency;
			target = 0FC223A81C99BFA1006DD18B /* ProjaBox */;
			targetProxy = 0FC223C91C99BFA1006DD18B /* PBXContainerItemProxy */;
		};
/* End PBXTargetDependency section */

/* Begin PBXVariantGroup section */
		0FC223B01C99BFA1006DD18B /* Main.storyboard */ = {
			isa = PBXVariantGroup;
			children = (
				0FC223B11C99BFA1006DD18B /* Base */,
			);
			name = Main.storyboard;
			sourceTree = "<group>";
		};
		0FC223B51C99BFA1006DD18B /* LaunchScreen.storyboard */ = {
			isa = PBXVariantGroup;
			children = (
				0FC223B61C99BFA1006DD18B /* Base */,
			);
			name = LaunchScreen.storyboard;
			sourceTree = "<group>";
		};
/* End PBXVariantGroup section */

/* Begin XCBuildConfiguration section */
		0FC223CF1C99BFA1006DD18B /* Debug */ = {
			isa = XCBuildConfiguration;
			buildSettings = {
				ALWAYS_SEARCH_USER_PATHS = NO;
				CLANG_CXX_LANGUAGE_STANDARD = "gnu++0x";
				CLANG_CXX_LIBRARY = "libc++";
				CLANG_ENABLE_MODULES = YES;
				CLANG_ENABLE_OBJC_ARC = YES;
				CLANG_WARN_BOOL_CONVERSION = YES;
				CLANG_WARN_CONSTANT_CONVERSION = YES;
				CLANG_WARN_DIRECT_OBJC_ISA_USAGE = YES_ERROR;
				CLANG_WARN_EMPTY_BODY = YES;
				CLANG_WARN_ENUM_CONVERSION = YES;
				CLANG_WARN_INT_CONVERSION = YES;
				CLANG_WARN_OBJC_ROOT_CLASS = YES_ERROR;
				CLANG_WARN_UNREACHABLE_CODE = YES;
				CLANG_WARN__DUPLICATE_METHOD_MATCH = YES;
				"CODE_SIGN_IDENTITY[sdk=iphoneos*]" = "iPhone Developer";
				COPY_PHASE_STRIP = NO;
				DEBUG_INFORMATION_FORMAT = dwarf;
				ENABLE_STRICT_OBJC_MSGSEND = YES;
				ENABLE_TESTABILITY = YES;
				GCC_C_LANGUAGE_STANDARD = gnu99;
				GCC_DYNAMIC_NO_PIC = NO;
				GCC_NO_COMMON_BLOCKS = YES;
				GCC_OPTIMIZATION_LEVEL = 0;
				GCC_PREPROCESSOR_DEFINITIONS = (
					"DEBUG=1",
					"$(inherited)",
				);
				GCC_WARN_64_TO_32_BIT_CONVERSION = YES;
				GCC_WARN_ABOUT_RETURN_TYPE = YES_ERROR;
				GCC_WARN_UNDECLARED_SELECTOR = YES;
				GCC_WARN_UNINITIALIZED_AUTOS = YES_AGGRESSIVE;
				GCC_WARN_UNUSED_FUNCTION = YES;
				GCC_WARN_UNUSED_VARIABLE = YES;
				IPHONEOS_DEPLOYMENT_TARGET = 9.2;
				MTL_ENABLE_DEBUG_INFO = YES;
				ONLY_ACTIVE_ARCH = YES;
				SDKROOT = iphoneos;
				SWIFT_OPTIMIZATION_LEVEL = "-Onone";
			};
			name = Debug;
		};
		0FC223D01C99BFA1006DD18B /* Release */ = {
			isa = XCBuildConfiguration;
			buildSettings = {
				ALWAYS_SEARCH_USER_PATHS = NO;
				CLANG_CXX_LANGUAGE_STANDARD = "gnu++0x";
				CLANG_CXX_LIBRARY = "libc++";
				CLANG_ENABLE_MODULES = YES;
				CLANG_ENABLE_OBJC_ARC = YES;
				CLANG_WARN_BOOL_CONVERSION = YES;
				CLANG_WARN_CONSTANT_CONVERSION = YES;
				CLANG_WARN_DIRECT_OBJC_ISA_USAGE = YES_ERROR;
				CLANG_WARN_EMPTY_BODY = YES;
				CLANG_WARN_ENUM_CONVERSION = YES;
				CLANG_WARN_INT_CONVERSION = YES;
				CLANG_WARN_OBJC_ROOT_CLASS = YES_ERROR;
				CLANG_WARN_UNREACHABLE_CODE = YES;
				CLANG_WARN__DUPLICATE_METHOD_MATCH = YES;
				"CODE_SIGN_IDENTITY[sdk=iphoneos*]" = "iPhone Developer";
				COPY_PHASE_STRIP = NO;
				DEBUG_INFORMATION_FORMAT = "dwarf-with-dsym";
				ENABLE_NS_ASSERTIONS = NO;
				ENABLE_STRICT_OBJC_MSGSEND = YES;
				GCC_C_LANGUAGE_STANDARD = gnu99;
				GCC_NO_COMMON_BLOCKS = YES;
				GCC_WARN_64_TO_32_BIT_CONVERSION = YES;
				GCC_WARN_ABOUT_RETURN_TYPE = YES_ERROR;
				GCC_WARN_UNDECLARED_SELECTOR = YES;
				GCC_WARN_UNINITIALIZED_AUTOS = YES_AGGRESSIVE;
				GCC_WARN_UNUSED_FUNCTION = YES;
				GCC_WARN_UNUSED_VARIABLE = YES;
				IPHONEOS_DEPLOYMENT_TARGET = 9.2;
				MTL_ENABLE_DEBUG_INFO = NO;
				SDKROOT = iphoneos;
				VALIDATE_PRODUCT = YES;
			};
			name = Release;
		};
		0FC223D21C99BFA1006DD18B /* Debug */ = {
			isa = XCBuildConfiguration;
			baseConfigurationReference = 3F5062BD9F28C8A9F1382FE1 /* Pods-ProjaBox.debug.xcconfig */;
			buildSettings = {
				ASSETCATALOG_COMPILER_APPICON_NAME = AppIcon;
				FRAMEWORK_SEARCH_PATHS = (
					"$(inherited)",
					"$(PROJECT_DIR)",
				);
				INFOPLIST_FILE = ProjaBox/Info.plist;
				LD_RUNPATH_SEARCH_PATHS = "$(inherited) @executable_path/Frameworks";
				PRODUCT_BUNDLE_IDENTIFIER = com.alexandruclapa.ProjaBox;
				PRODUCT_NAME = "$(TARGET_NAME)";
				SWIFT_OBJC_BRIDGING_HEADER = ProjaBox/BridgingHeader.h;
			};
			name = Debug;
		};
		0FC223D31C99BFA1006DD18B /* Release */ = {
			isa = XCBuildConfiguration;
			baseConfigurationReference = 4BEDE38E9DEAB171D992EEAC /* Pods-ProjaBox.release.xcconfig */;
			buildSettings = {
				ASSETCATALOG_COMPILER_APPICON_NAME = AppIcon;
				FRAMEWORK_SEARCH_PATHS = (
					"$(inherited)",
					"$(PROJECT_DIR)",
				);
				INFOPLIST_FILE = ProjaBox/Info.plist;
				LD_RUNPATH_SEARCH_PATHS = "$(inherited) @executable_path/Frameworks";
				PRODUCT_BUNDLE_IDENTIFIER = com.alexandruclapa.ProjaBox;
				PRODUCT_NAME = "$(TARGET_NAME)";
				SWIFT_OBJC_BRIDGING_HEADER = ProjaBox/BridgingHeader.h;
			};
			name = Release;
		};
		0FC223D51C99BFA1006DD18B /* Debug */ = {
			isa = XCBuildConfiguration;
			baseConfigurationReference = 6A9A16D4FD5883A98C630899 /* Pods-ProjaBoxTests.debug.xcconfig */;
			buildSettings = {
				BUNDLE_LOADER = "$(TEST_HOST)";
				INFOPLIST_FILE = ProjaBoxTests/Info.plist;
				LD_RUNPATH_SEARCH_PATHS = "$(inherited) @executable_path/Frameworks @loader_path/Frameworks";
				PRODUCT_BUNDLE_IDENTIFIER = com.alexandruclapa.ProjaBoxTests;
				PRODUCT_NAME = "$(TARGET_NAME)";
				TEST_HOST = "$(BUILT_PRODUCTS_DIR)/ProjaBox.app/ProjaBox";
			};
			name = Debug;
		};
		0FC223D61C99BFA1006DD18B /* Release */ = {
			isa = XCBuildConfiguration;
			baseConfigurationReference = 0EAA2094654456A2DD73019B /* Pods-ProjaBoxTests.release.xcconfig */;
			buildSettings = {
				BUNDLE_LOADER = "$(TEST_HOST)";
				INFOPLIST_FILE = ProjaBoxTests/Info.plist;
				LD_RUNPATH_SEARCH_PATHS = "$(inherited) @executable_path/Frameworks @loader_path/Frameworks";
				PRODUCT_BUNDLE_IDENTIFIER = com.alexandruclapa.ProjaBoxTests;
				PRODUCT_NAME = "$(TARGET_NAME)";
				TEST_HOST = "$(BUILT_PRODUCTS_DIR)/ProjaBox.app/ProjaBox";
			};
			name = Release;
		};
		0FC223D81C99BFA1006DD18B /* Debug */ = {
			isa = XCBuildConfiguration;
			baseConfigurationReference = FC1DDDA316FCCA8952C1805E /* Pods-ProjaBoxUITests.debug.xcconfig */;
			buildSettings = {
				INFOPLIST_FILE = ProjaBoxUITests/Info.plist;
				LD_RUNPATH_SEARCH_PATHS = "$(inherited) @executable_path/Frameworks @loader_path/Frameworks";
				PRODUCT_BUNDLE_IDENTIFIER = com.alexandruclapa.ProjaBoxUITests;
				PRODUCT_NAME = "$(TARGET_NAME)";
				TEST_TARGET_NAME = ProjaBox;
				USES_XCTRUNNER = YES;
			};
			name = Debug;
		};
		0FC223D91C99BFA1006DD18B /* Release */ = {
			isa = XCBuildConfiguration;
			baseConfigurationReference = E337D5F3F114D9EA1585D942 /* Pods-ProjaBoxUITests.release.xcconfig */;
			buildSettings = {
				INFOPLIST_FILE = ProjaBoxUITests/Info.plist;
				LD_RUNPATH_SEARCH_PATHS = "$(inherited) @executable_path/Frameworks @loader_path/Frameworks";
				PRODUCT_BUNDLE_IDENTIFIER = com.alexandruclapa.ProjaBoxUITests;
				PRODUCT_NAME = "$(TARGET_NAME)";
				TEST_TARGET_NAME = ProjaBox;
				USES_XCTRUNNER = YES;
			};
			name = Release;
		};
/* End XCBuildConfiguration section */

/* Begin XCConfigurationList section */
		0FC223A41C99BFA1006DD18B /* Build configuration list for PBXProject "ProjaBox" */ = {
			isa = XCConfigurationList;
			buildConfigurations = (
				0FC223CF1C99BFA1006DD18B /* Debug */,
				0FC223D01C99BFA1006DD18B /* Release */,
			);
			defaultConfigurationIsVisible = 0;
			defaultConfigurationName = Release;
		};
		0FC223D11C99BFA1006DD18B /* Build configuration list for PBXNativeTarget "ProjaBox" */ = {
			isa = XCConfigurationList;
			buildConfigurations = (
				0FC223D21C99BFA1006DD18B /* Debug */,
				0FC223D31C99BFA1006DD18B /* Release */,
			);
			defaultConfigurationIsVisible = 0;
			defaultConfigurationName = Release;
		};
		0FC223D41C99BFA1006DD18B /* Build configuration list for PBXNativeTarget "ProjaBoxTests" */ = {
			isa = XCConfigurationList;
			buildConfigurations = (
				0FC223D51C99BFA1006DD18B /* Debug */,
				0FC223D61C99BFA1006DD18B /* Release */,
			);
			defaultConfigurationIsVisible = 0;
			defaultConfigurationName = Release;
		};
		0FC223D71C99BFA1006DD18B /* Build configuration list for PBXNativeTarget "ProjaBoxUITests" */ = {
			isa = XCConfigurationList;
			buildConfigurations = (
				0FC223D81C99BFA1006DD18B /* Debug */,
				0FC223D91C99BFA1006DD18B /* Release */,
			);
			defaultConfigurationIsVisible = 0;
			defaultConfigurationName = Release;
		};
/* End XCConfigurationList section */
	};
	rootObject = 0FC223A11C99BFA1006DD18B /* Project object */;
}
