<?xml version="1.0" encoding="UTF-8"?>
<!DOCTYPE plist PUBLIC "-//Apple//DTD PLIST 1.0//EN" "http://www.apple.com/DTDs/PropertyList-1.0.dtd">
<plist version="1.0">
<dict>
	<key>archiveVersion</key>
	<string>1</string>
	<key>classes</key>
	<dict/>
	<key>objectVersion</key>
	<string>46</string>
	<key>objects</key>
	<dict>
		<key>082DF79E9204DB3B7B94B300</key>
		<dict>
			<key>buildActionMask</key>
			<string>2147483647</string>
			<key>files</key>
			<array/>
			<key>inputPaths</key>
			<array/>
			<key>isa</key>
			<string>PBXShellScriptBuildPhase</string>
			<key>name</key>
			<string>Copy Pods Resources</string>
			<key>outputPaths</key>
			<array/>
			<key>runOnlyForDeploymentPostprocessing</key>
			<string>0</string>
			<key>shellPath</key>
			<string>/bin/sh</string>
			<key>shellScript</key>
			<string>"${SRCROOT}/Pods/Target Support Files/Pods-ProjaBox/Pods-ProjaBox-resources.sh"
</string>
			<key>showEnvVarsInLog</key>
			<string>0</string>
		</dict>
		<key>0F0935291CA81C4000AC2C59</key>
		<dict>
			<key>fileEncoding</key>
			<string>4</string>
			<key>isa</key>
			<string>PBXFileReference</string>
			<key>lastKnownFileType</key>
			<string>sourcecode.swift</string>
			<key>path</key>
			<string>FeedViewController.swift</string>
			<key>sourceTree</key>
			<string>&lt;group&gt;</string>
		</dict>
		<key>0F09352A1CA81C4000AC2C59</key>
		<dict>
			<key>fileRef</key>
			<string>0F0935291CA81C4000AC2C59</string>
			<key>isa</key>
			<string>PBXBuildFile</string>
		</dict>
		<key>0F09352B1CA81C4A00AC2C59</key>
		<dict>
			<key>fileEncoding</key>
			<string>4</string>
			<key>isa</key>
			<string>PBXFileReference</string>
			<key>lastKnownFileType</key>
			<string>sourcecode.swift</string>
			<key>path</key>
			<string>ProfileViewController.swift</string>
			<key>sourceTree</key>
			<string>&lt;group&gt;</string>
		</dict>
		<key>0F09352C1CA81C4A00AC2C59</key>
		<dict>
			<key>fileRef</key>
			<string>0F09352B1CA81C4A00AC2C59</string>
			<key>isa</key>
			<string>PBXBuildFile</string>
		</dict>
		<key>0F09352D1CA81C5800AC2C59</key>
		<dict>
			<key>fileEncoding</key>
			<string>4</string>
			<key>isa</key>
			<string>PBXFileReference</string>
			<key>lastKnownFileType</key>
			<string>sourcecode.swift</string>
			<key>path</key>
			<string>ProjectViewController.swift</string>
			<key>sourceTree</key>
			<string>&lt;group&gt;</string>
		</dict>
		<key>0F09352E1CA81C5800AC2C59</key>
		<dict>
			<key>fileRef</key>
			<string>0F09352D1CA81C5800AC2C59</string>
			<key>isa</key>
			<string>PBXBuildFile</string>
		</dict>
		<key>0FC223A01C99BFA1006DD18B</key>
		<dict>
			<key>children</key>
			<array>
				<string>0FC223AB1C99BFA1006DD18B</string>
				<string>0FC223DA1C99C134006DD18B</string>
				<string>0FC223C01C99BFA1006DD18B</string>
				<string>0FC223CB1C99BFA1006DD18B</string>
				<string>0FC223AA1C99BFA1006DD18B</string>
				<string>170C3FDC025620E557E68496</string>
			</array>
			<key>isa</key>
			<string>PBXGroup</string>
			<key>sourceTree</key>
			<string>&lt;group&gt;</string>
		</dict>
		<key>0FC223A11C99BFA1006DD18B</key>
		<dict>
			<key>attributes</key>
			<dict>
				<key>LastSwiftUpdateCheck</key>
				<string>0720</string>
				<key>LastUpgradeCheck</key>
				<string>0720</string>
				<key>ORGANIZATIONNAME</key>
				<string>Alexandru Clapa</string>
				<key>TargetAttributes</key>
				<dict>
					<key>0FC223A81C99BFA1006DD18B</key>
					<dict>
						<key>CreatedOnToolsVersion</key>
						<string>7.2.1</string>
					</dict>
					<key>0FC223BC1C99BFA1006DD18B</key>
					<dict>
						<key>CreatedOnToolsVersion</key>
						<string>7.2.1</string>
						<key>TestTargetID</key>
						<string>0FC223A81C99BFA1006DD18B</string>
					</dict>
					<key>0FC223C71C99BFA1006DD18B</key>
					<dict>
						<key>CreatedOnToolsVersion</key>
						<string>7.2.1</string>
						<key>TestTargetID</key>
						<string>0FC223A81C99BFA1006DD18B</string>
					</dict>
				</dict>
			</dict>
			<key>buildConfigurationList</key>
			<string>0FC223A41C99BFA1006DD18B</string>
			<key>compatibilityVersion</key>
			<string>Xcode 3.2</string>
			<key>developmentRegion</key>
			<string>English</string>
			<key>hasScannedForEncodings</key>
			<string>0</string>
			<key>isa</key>
			<string>PBXProject</string>
			<key>knownRegions</key>
			<array>
				<string>en</string>
				<string>Base</string>
			</array>
			<key>mainGroup</key>
			<string>0FC223A01C99BFA1006DD18B</string>
			<key>productRefGroup</key>
			<string>0FC223AA1C99BFA1006DD18B</string>
			<key>projectDirPath</key>
			<string></string>
			<key>projectReferences</key>
			<array/>
			<key>projectRoot</key>
			<string></string>
			<key>targets</key>
			<array>
				<string>0FC223A81C99BFA1006DD18B</string>
				<string>0FC223BC1C99BFA1006DD18B</string>
				<string>0FC223C71C99BFA1006DD18B</string>
			</array>
		</dict>
		<key>0FC223A41C99BFA1006DD18B</key>
		<dict>
			<key>buildConfigurations</key>
			<array>
				<string>0FC223CF1C99BFA1006DD18B</string>
				<string>0FC223D01C99BFA1006DD18B</string>
			</array>
			<key>defaultConfigurationIsVisible</key>
			<string>0</string>
			<key>defaultConfigurationName</key>
			<string>Release</string>
			<key>isa</key>
			<string>XCConfigurationList</string>
		</dict>
		<key>0FC223A51C99BFA1006DD18B</key>
		<dict>
			<key>buildActionMask</key>
			<string>2147483647</string>
			<key>files</key>
			<array>
				<string>0FCCBAB01C9EDEC90007F427</string>
				<string>0FC223AF1C99BFA1006DD18B</string>
				<string>0F09352E1CA81C5800AC2C59</string>
				<string>0F09352C1CA81C4A00AC2C59</string>
				<string>0F09352A1CA81C4000AC2C59</string>
				<string>0FC223AD1C99BFA1006DD18B</string>
			</array>
			<key>isa</key>
			<string>PBXSourcesBuildPhase</string>
			<key>runOnlyForDeploymentPostprocessing</key>
			<string>0</string>
		</dict>
		<key>0FC223A61C99BFA1006DD18B</key>
		<dict>
			<key>buildActionMask</key>
			<string>2147483647</string>
			<key>files</key>
			<array>
				<string>0FC223DC1C99C183006DD18B</string>
				<string>446AD3F03EE56AFEE5C0EFC5</string>
			</array>
			<key>isa</key>
			<string>PBXFrameworksBuildPhase</string>
			<key>runOnlyForDeploymentPostprocessing</key>
			<string>0</string>
		</dict>
		<key>0FC223A71C99BFA1006DD18B</key>
		<dict>
			<key>buildActionMask</key>
			<string>2147483647</string>
			<key>files</key>
			<array>
				<string>0FC223B71C99BFA1006DD18B</string>
				<string>0FC223B41C99BFA1006DD18B</string>
				<string>0FC223B21C99BFA1006DD18B</string>
			</array>
			<key>isa</key>
			<string>PBXResourcesBuildPhase</string>
			<key>runOnlyForDeploymentPostprocessing</key>
			<string>0</string>
		</dict>
		<key>0FC223A81C99BFA1006DD18B</key>
		<dict>
			<key>buildConfigurationList</key>
			<string>0FC223D11C99BFA1006DD18B</string>
			<key>buildPhases</key>
			<array>
				<string>37332D4AC33C0975510DC9C1</string>
				<string>0FC223A51C99BFA1006DD18B</string>
				<string>0FC223A61C99BFA1006DD18B</string>
				<string>0FC223A71C99BFA1006DD18B</string>
				<string>082DF79E9204DB3B7B94B300</string>
				<string>22B6819646904C51A46AB969</string>
			</array>
			<key>buildRules</key>
			<array/>
			<key>dependencies</key>
			<array/>
			<key>isa</key>
			<string>PBXNativeTarget</string>
			<key>name</key>
			<string>ProjaBox</string>
			<key>productName</key>
			<string>ProjaBox</string>
			<key>productReference</key>
			<string>0FC223A91C99BFA1006DD18B</string>
			<key>productType</key>
			<string>com.apple.product-type.application</string>
		</dict>
		<key>0FC223A91C99BFA1006DD18B</key>
		<dict>
			<key>explicitFileType</key>
			<string>wrapper.application</string>
			<key>includeInIndex</key>
			<string>0</string>
			<key>isa</key>
			<string>PBXFileReference</string>
			<key>path</key>
			<string>ProjaBox.app</string>
			<key>sourceTree</key>
			<string>BUILT_PRODUCTS_DIR</string>
		</dict>
		<key>0FC223AA1C99BFA1006DD18B</key>
		<dict>
			<key>children</key>
			<array>
				<string>0FC223A91C99BFA1006DD18B</string>
				<string>0FC223BD1C99BFA1006DD18B</string>
				<string>0FC223C81C99BFA1006DD18B</string>
			</array>
			<key>isa</key>
			<string>PBXGroup</string>
			<key>name</key>
			<string>Products</string>
			<key>sourceTree</key>
			<string>&lt;group&gt;</string>
		</dict>
		<key>0FC223AB1C99BFA1006DD18B</key>
		<dict>
			<key>children</key>
			<array>
				<string>0FC223AC1C99BFA1006DD18B</string>
				<string>0FC223AE1C99BFA1006DD18B</string>
				<string>0FCCBAAF1C9EDEC90007F427</string>
				<string>0F0935291CA81C4000AC2C59</string>
				<string>0F09352B1CA81C4A00AC2C59</string>
				<string>0F09352D1CA81C5800AC2C59</string>
				<string>0FC223B01C99BFA1006DD18B</string>
				<string>0FC223B31C99BFA1006DD18B</string>
				<string>0FC223B51C99BFA1006DD18B</string>
				<string>0FC223B81C99BFA1006DD18B</string>
			</array>
			<key>isa</key>
			<string>PBXGroup</string>
			<key>path</key>
			<string>ProjaBox</string>
			<key>sourceTree</key>
			<string>&lt;group&gt;</string>
		</dict>
		<key>0FC223AC1C99BFA1006DD18B</key>
		<dict>
			<key>isa</key>
			<string>PBXFileReference</string>
			<key>lastKnownFileType</key>
			<string>sourcecode.swift</string>
			<key>path</key>
			<string>AppDelegate.swift</string>
			<key>sourceTree</key>
			<string>&lt;group&gt;</string>
		</dict>
		<key>0FC223AD1C99BFA1006DD18B</key>
		<dict>
			<key>fileRef</key>
			<string>0FC223AC1C99BFA1006DD18B</string>
			<key>isa</key>
			<string>PBXBuildFile</string>
		</dict>
		<key>0FC223AE1C99BFA1006DD18B</key>
		<dict>
			<key>isa</key>
			<string>PBXFileReference</string>
			<key>lastKnownFileType</key>
			<string>sourcecode.swift</string>
			<key>path</key>
			<string>LoginViewController.swift</string>
			<key>sourceTree</key>
			<string>&lt;group&gt;</string>
		</dict>
		<key>0FC223AF1C99BFA1006DD18B</key>
		<dict>
			<key>fileRef</key>
			<string>0FC223AE1C99BFA1006DD18B</string>
			<key>isa</key>
			<string>PBXBuildFile</string>
		</dict>
		<key>0FC223B01C99BFA1006DD18B</key>
		<dict>
			<key>children</key>
			<array>
				<string>0FC223B11C99BFA1006DD18B</string>
			</array>
			<key>isa</key>
			<string>PBXVariantGroup</string>
			<key>name</key>
			<string>Main.storyboard</string>
			<key>sourceTree</key>
			<string>&lt;group&gt;</string>
		</dict>
		<key>0FC223B11C99BFA1006DD18B</key>
		<dict>
			<key>isa</key>
			<string>PBXFileReference</string>
			<key>lastKnownFileType</key>
			<string>file.storyboard</string>
			<key>name</key>
			<string>Base</string>
			<key>path</key>
			<string>Base.lproj/Main.storyboard</string>
			<key>sourceTree</key>
			<string>&lt;group&gt;</string>
		</dict>
		<key>0FC223B21C99BFA1006DD18B</key>
		<dict>
			<key>fileRef</key>
			<string>0FC223B01C99BFA1006DD18B</string>
			<key>isa</key>
			<string>PBXBuildFile</string>
		</dict>
		<key>0FC223B31C99BFA1006DD18B</key>
		<dict>
			<key>isa</key>
			<string>PBXFileReference</string>
			<key>lastKnownFileType</key>
			<string>folder.assetcatalog</string>
			<key>path</key>
			<string>Assets.xcassets</string>
			<key>sourceTree</key>
			<string>&lt;group&gt;</string>
		</dict>
		<key>0FC223B41C99BFA1006DD18B</key>
		<dict>
			<key>fileRef</key>
			<string>0FC223B31C99BFA1006DD18B</string>
			<key>isa</key>
			<string>PBXBuildFile</string>
		</dict>
		<key>0FC223B51C99BFA1006DD18B</key>
		<dict>
			<key>children</key>
			<array>
				<string>0FC223B61C99BFA1006DD18B</string>
			</array>
			<key>isa</key>
			<string>PBXVariantGroup</string>
			<key>name</key>
			<string>LaunchScreen.storyboard</string>
			<key>sourceTree</key>
			<string>&lt;group&gt;</string>
		</dict>
		<key>0FC223B61C99BFA1006DD18B</key>
		<dict>
			<key>isa</key>
			<string>PBXFileReference</string>
			<key>lastKnownFileType</key>
			<string>file.storyboard</string>
			<key>name</key>
			<string>Base</string>
			<key>path</key>
			<string>Base.lproj/LaunchScreen.storyboard</string>
			<key>sourceTree</key>
			<string>&lt;group&gt;</string>
		</dict>
		<key>0FC223B71C99BFA1006DD18B</key>
		<dict>
			<key>fileRef</key>
			<string>0FC223B51C99BFA1006DD18B</string>
			<key>isa</key>
			<string>PBXBuildFile</string>
		</dict>
		<key>0FC223B81C99BFA1006DD18B</key>
		<dict>
			<key>isa</key>
			<string>PBXFileReference</string>
			<key>lastKnownFileType</key>
			<string>text.plist.xml</string>
			<key>path</key>
			<string>Info.plist</string>
			<key>sourceTree</key>
			<string>&lt;group&gt;</string>
		</dict>
		<key>0FC223B91C99BFA1006DD18B</key>
		<dict>
			<key>buildActionMask</key>
			<string>2147483647</string>
			<key>files</key>
			<array>
				<string>0FC223C21C99BFA1006DD18B</string>
			</array>
			<key>isa</key>
			<string>PBXSourcesBuildPhase</string>
			<key>runOnlyForDeploymentPostprocessing</key>
			<string>0</string>
		</dict>
		<key>0FC223BA1C99BFA1006DD18B</key>
		<dict>
			<key>buildActionMask</key>
			<string>2147483647</string>
			<key>files</key>
			<array/>
			<key>isa</key>
			<string>PBXFrameworksBuildPhase</string>
			<key>runOnlyForDeploymentPostprocessing</key>
			<string>0</string>
		</dict>
		<key>0FC223BB1C99BFA1006DD18B</key>
		<dict>
			<key>buildActionMask</key>
			<string>2147483647</string>
			<key>files</key>
			<array/>
			<key>isa</key>
			<string>PBXResourcesBuildPhase</string>
			<key>runOnlyForDeploymentPostprocessing</key>
			<string>0</string>
		</dict>
		<key>0FC223BC1C99BFA1006DD18B</key>
		<dict>
			<key>buildConfigurationList</key>
			<string>0FC223D41C99BFA1006DD18B</string>
			<key>buildPhases</key>
			<array>
				<string>0FC223B91C99BFA1006DD18B</string>
				<string>0FC223BA1C99BFA1006DD18B</string>
				<string>0FC223BB1C99BFA1006DD18B</string>
			</array>
			<key>buildRules</key>
			<array/>
			<key>dependencies</key>
			<array>
				<string>0FC223BF1C99BFA1006DD18B</string>
			</array>
			<key>isa</key>
			<string>PBXNativeTarget</string>
			<key>name</key>
			<string>ProjaBoxTests</string>
			<key>productName</key>
			<string>ProjaBoxTests</string>
			<key>productReference</key>
			<string>0FC223BD1C99BFA1006DD18B</string>
			<key>productType</key>
			<string>com.apple.product-type.bundle.unit-test</string>
		</dict>
		<key>0FC223BD1C99BFA1006DD18B</key>
		<dict>
			<key>explicitFileType</key>
			<string>wrapper.cfbundle</string>
			<key>includeInIndex</key>
			<string>0</string>
			<key>isa</key>
			<string>PBXFileReference</string>
			<key>path</key>
			<string>ProjaBoxTests.xctest</string>
			<key>sourceTree</key>
			<string>BUILT_PRODUCTS_DIR</string>
		</dict>
		<key>0FC223BE1C99BFA1006DD18B</key>
		<dict>
			<key>containerPortal</key>
			<string>0FC223A11C99BFA1006DD18B</string>
			<key>isa</key>
			<string>PBXContainerItemProxy</string>
			<key>proxyType</key>
			<string>1</string>
			<key>remoteGlobalIDString</key>
			<string>0FC223A81C99BFA1006DD18B</string>
			<key>remoteInfo</key>
			<string>ProjaBox</string>
		</dict>
		<key>0FC223BF1C99BFA1006DD18B</key>
		<dict>
			<key>isa</key>
			<string>PBXTargetDependency</string>
			<key>target</key>
			<string>0FC223A81C99BFA1006DD18B</string>
			<key>targetProxy</key>
			<string>0FC223BE1C99BFA1006DD18B</string>
		</dict>
		<key>0FC223C01C99BFA1006DD18B</key>
		<dict>
			<key>children</key>
			<array>
				<string>0FC223C11C99BFA1006DD18B</string>
				<string>0FC223C31C99BFA1006DD18B</string>
			</array>
			<key>isa</key>
			<string>PBXGroup</string>
			<key>path</key>
			<string>ProjaBoxTests</string>
			<key>sourceTree</key>
			<string>&lt;group&gt;</string>
		</dict>
		<key>0FC223C11C99BFA1006DD18B</key>
		<dict>
			<key>isa</key>
			<string>PBXFileReference</string>
			<key>lastKnownFileType</key>
			<string>sourcecode.swift</string>
			<key>path</key>
			<string>ProjaBoxTests.swift</string>
			<key>sourceTree</key>
			<string>&lt;group&gt;</string>
		</dict>
		<key>0FC223C21C99BFA1006DD18B</key>
		<dict>
			<key>fileRef</key>
			<string>0FC223C11C99BFA1006DD18B</string>
			<key>isa</key>
			<string>PBXBuildFile</string>
		</dict>
		<key>0FC223C31C99BFA1006DD18B</key>
		<dict>
			<key>isa</key>
			<string>PBXFileReference</string>
			<key>lastKnownFileType</key>
			<string>text.plist.xml</string>
			<key>path</key>
			<string>Info.plist</string>
			<key>sourceTree</key>
			<string>&lt;group&gt;</string>
		</dict>
		<key>0FC223C41C99BFA1006DD18B</key>
		<dict>
			<key>buildActionMask</key>
			<string>2147483647</string>
			<key>files</key>
			<array>
				<string>0FC223CD1C99BFA1006DD18B</string>
			</array>
			<key>isa</key>
			<string>PBXSourcesBuildPhase</string>
			<key>runOnlyForDeploymentPostprocessing</key>
			<string>0</string>
		</dict>
		<key>0FC223C51C99BFA1006DD18B</key>
		<dict>
			<key>buildActionMask</key>
			<string>2147483647</string>
			<key>files</key>
			<array/>
			<key>isa</key>
			<string>PBXFrameworksBuildPhase</string>
			<key>runOnlyForDeploymentPostprocessing</key>
			<string>0</string>
		</dict>
		<key>0FC223C61C99BFA1006DD18B</key>
		<dict>
			<key>buildActionMask</key>
			<string>2147483647</string>
			<key>files</key>
			<array/>
			<key>isa</key>
			<string>PBXResourcesBuildPhase</string>
			<key>runOnlyForDeploymentPostprocessing</key>
			<string>0</string>
		</dict>
		<key>0FC223C71C99BFA1006DD18B</key>
		<dict>
			<key>buildConfigurationList</key>
			<string>0FC223D71C99BFA1006DD18B</string>
			<key>buildPhases</key>
			<array>
				<string>0FC223C41C99BFA1006DD18B</string>
				<string>0FC223C51C99BFA1006DD18B</string>
				<string>0FC223C61C99BFA1006DD18B</string>
			</array>
			<key>buildRules</key>
			<array/>
			<key>dependencies</key>
			<array>
				<string>0FC223CA1C99BFA1006DD18B</string>
			</array>
			<key>isa</key>
			<string>PBXNativeTarget</string>
			<key>name</key>
			<string>ProjaBoxUITests</string>
			<key>productName</key>
			<string>ProjaBoxUITests</string>
			<key>productReference</key>
			<string>0FC223C81C99BFA1006DD18B</string>
			<key>productType</key>
			<string>com.apple.product-type.bundle.ui-testing</string>
		</dict>
		<key>0FC223C81C99BFA1006DD18B</key>
		<dict>
			<key>explicitFileType</key>
			<string>wrapper.cfbundle</string>
			<key>includeInIndex</key>
			<string>0</string>
			<key>isa</key>
			<string>PBXFileReference</string>
			<key>path</key>
			<string>ProjaBoxUITests.xctest</string>
			<key>sourceTree</key>
			<string>BUILT_PRODUCTS_DIR</string>
		</dict>
		<key>0FC223C91C99BFA1006DD18B</key>
		<dict>
			<key>containerPortal</key>
			<string>0FC223A11C99BFA1006DD18B</string>
			<key>isa</key>
			<string>PBXContainerItemProxy</string>
			<key>proxyType</key>
			<string>1</string>
			<key>remoteGlobalIDString</key>
			<string>0FC223A81C99BFA1006DD18B</string>
			<key>remoteInfo</key>
			<string>ProjaBox</string>
		</dict>
		<key>0FC223CA1C99BFA1006DD18B</key>
		<dict>
			<key>isa</key>
			<string>PBXTargetDependency</string>
			<key>target</key>
			<string>0FC223A81C99BFA1006DD18B</string>
			<key>targetProxy</key>
			<string>0FC223C91C99BFA1006DD18B</string>
		</dict>
		<key>0FC223CB1C99BFA1006DD18B</key>
		<dict>
			<key>children</key>
			<array>
				<string>0FC223CC1C99BFA1006DD18B</string>
				<string>0FC223CE1C99BFA1006DD18B</string>
			</array>
			<key>isa</key>
			<string>PBXGroup</string>
			<key>path</key>
			<string>ProjaBoxUITests</string>
			<key>sourceTree</key>
			<string>&lt;group&gt;</string>
		</dict>
		<key>0FC223CC1C99BFA1006DD18B</key>
		<dict>
			<key>isa</key>
			<string>PBXFileReference</string>
			<key>lastKnownFileType</key>
			<string>sourcecode.swift</string>
			<key>path</key>
			<string>ProjaBoxUITests.swift</string>
			<key>sourceTree</key>
			<string>&lt;group&gt;</string>
		</dict>
		<key>0FC223CD1C99BFA1006DD18B</key>
		<dict>
			<key>fileRef</key>
			<string>0FC223CC1C99BFA1006DD18B</string>
			<key>isa</key>
			<string>PBXBuildFile</string>
		</dict>
		<key>0FC223CE1C99BFA1006DD18B</key>
		<dict>
			<key>isa</key>
			<string>PBXFileReference</string>
			<key>lastKnownFileType</key>
			<string>text.plist.xml</string>
			<key>path</key>
			<string>Info.plist</string>
			<key>sourceTree</key>
			<string>&lt;group&gt;</string>
		</dict>
		<key>0FC223CF1C99BFA1006DD18B</key>
		<dict>
			<key>buildSettings</key>
			<dict>
				<key>ALWAYS_SEARCH_USER_PATHS</key>
				<string>NO</string>
				<key>CLANG_CXX_LANGUAGE_STANDARD</key>
				<string>gnu++0x</string>
				<key>CLANG_CXX_LIBRARY</key>
				<string>libc++</string>
				<key>CLANG_ENABLE_MODULES</key>
				<string>YES</string>
				<key>CLANG_ENABLE_OBJC_ARC</key>
				<string>YES</string>
				<key>CLANG_WARN_BOOL_CONVERSION</key>
				<string>YES</string>
				<key>CLANG_WARN_CONSTANT_CONVERSION</key>
				<string>YES</string>
				<key>CLANG_WARN_DIRECT_OBJC_ISA_USAGE</key>
				<string>YES_ERROR</string>
				<key>CLANG_WARN_EMPTY_BODY</key>
				<string>YES</string>
				<key>CLANG_WARN_ENUM_CONVERSION</key>
				<string>YES</string>
				<key>CLANG_WARN_INT_CONVERSION</key>
				<string>YES</string>
				<key>CLANG_WARN_OBJC_ROOT_CLASS</key>
				<string>YES_ERROR</string>
				<key>CLANG_WARN_UNREACHABLE_CODE</key>
				<string>YES</string>
				<key>CLANG_WARN__DUPLICATE_METHOD_MATCH</key>
				<string>YES</string>
				<key>CODE_SIGN_IDENTITY[sdk=iphoneos*]</key>
				<string>iPhone Developer</string>
				<key>COPY_PHASE_STRIP</key>
				<string>NO</string>
				<key>DEBUG_INFORMATION_FORMAT</key>
				<string>dwarf</string>
				<key>ENABLE_STRICT_OBJC_MSGSEND</key>
				<string>YES</string>
				<key>ENABLE_TESTABILITY</key>
				<string>YES</string>
				<key>GCC_C_LANGUAGE_STANDARD</key>
				<string>gnu99</string>
				<key>GCC_DYNAMIC_NO_PIC</key>
				<string>NO</string>
				<key>GCC_NO_COMMON_BLOCKS</key>
				<string>YES</string>
				<key>GCC_OPTIMIZATION_LEVEL</key>
				<string>0</string>
				<key>GCC_PREPROCESSOR_DEFINITIONS</key>
				<array>
					<string>DEBUG=1</string>
					<string>$(inherited)</string>
				</array>
				<key>GCC_WARN_64_TO_32_BIT_CONVERSION</key>
				<string>YES</string>
				<key>GCC_WARN_ABOUT_RETURN_TYPE</key>
				<string>YES_ERROR</string>
				<key>GCC_WARN_UNDECLARED_SELECTOR</key>
				<string>YES</string>
				<key>GCC_WARN_UNINITIALIZED_AUTOS</key>
				<string>YES_AGGRESSIVE</string>
				<key>GCC_WARN_UNUSED_FUNCTION</key>
				<string>YES</string>
				<key>GCC_WARN_UNUSED_VARIABLE</key>
				<string>YES</string>
				<key>IPHONEOS_DEPLOYMENT_TARGET</key>
				<string>9.2</string>
				<key>MTL_ENABLE_DEBUG_INFO</key>
				<string>YES</string>
				<key>ONLY_ACTIVE_ARCH</key>
				<string>YES</string>
				<key>SDKROOT</key>
				<string>iphoneos</string>
				<key>SWIFT_OPTIMIZATION_LEVEL</key>
				<string>-Onone</string>
			</dict>
			<key>isa</key>
			<string>XCBuildConfiguration</string>
			<key>name</key>
			<string>Debug</string>
		</dict>
		<key>0FC223D01C99BFA1006DD18B</key>
		<dict>
			<key>buildSettings</key>
			<dict>
				<key>ALWAYS_SEARCH_USER_PATHS</key>
				<string>NO</string>
				<key>CLANG_CXX_LANGUAGE_STANDARD</key>
				<string>gnu++0x</string>
				<key>CLANG_CXX_LIBRARY</key>
				<string>libc++</string>
				<key>CLANG_ENABLE_MODULES</key>
				<string>YES</string>
				<key>CLANG_ENABLE_OBJC_ARC</key>
				<string>YES</string>
				<key>CLANG_WARN_BOOL_CONVERSION</key>
				<string>YES</string>
				<key>CLANG_WARN_CONSTANT_CONVERSION</key>
				<string>YES</string>
				<key>CLANG_WARN_DIRECT_OBJC_ISA_USAGE</key>
				<string>YES_ERROR</string>
				<key>CLANG_WARN_EMPTY_BODY</key>
				<string>YES</string>
				<key>CLANG_WARN_ENUM_CONVERSION</key>
				<string>YES</string>
				<key>CLANG_WARN_INT_CONVERSION</key>
				<string>YES</string>
				<key>CLANG_WARN_OBJC_ROOT_CLASS</key>
				<string>YES_ERROR</string>
				<key>CLANG_WARN_UNREACHABLE_CODE</key>
				<string>YES</string>
				<key>CLANG_WARN__DUPLICATE_METHOD_MATCH</key>
				<string>YES</string>
				<key>CODE_SIGN_IDENTITY[sdk=iphoneos*]</key>
				<string>iPhone Developer</string>
				<key>COPY_PHASE_STRIP</key>
				<string>NO</string>
				<key>DEBUG_INFORMATION_FORMAT</key>
				<string>dwarf-with-dsym</string>
				<key>ENABLE_NS_ASSERTIONS</key>
				<string>NO</string>
				<key>ENABLE_STRICT_OBJC_MSGSEND</key>
				<string>YES</string>
				<key>GCC_C_LANGUAGE_STANDARD</key>
				<string>gnu99</string>
				<key>GCC_NO_COMMON_BLOCKS</key>
				<string>YES</string>
				<key>GCC_WARN_64_TO_32_BIT_CONVERSION</key>
				<string>YES</string>
				<key>GCC_WARN_ABOUT_RETURN_TYPE</key>
				<string>YES_ERROR</string>
				<key>GCC_WARN_UNDECLARED_SELECTOR</key>
				<string>YES</string>
				<key>GCC_WARN_UNINITIALIZED_AUTOS</key>
				<string>YES_AGGRESSIVE</string>
				<key>GCC_WARN_UNUSED_FUNCTION</key>
				<string>YES</string>
				<key>GCC_WARN_UNUSED_VARIABLE</key>
				<string>YES</string>
				<key>IPHONEOS_DEPLOYMENT_TARGET</key>
				<string>9.2</string>
				<key>MTL_ENABLE_DEBUG_INFO</key>
				<string>NO</string>
				<key>SDKROOT</key>
				<string>iphoneos</string>
				<key>VALIDATE_PRODUCT</key>
				<string>YES</string>
			</dict>
			<key>isa</key>
			<string>XCBuildConfiguration</string>
			<key>name</key>
			<string>Release</string>
		</dict>
		<key>0FC223D11C99BFA1006DD18B</key>
		<dict>
			<key>buildConfigurations</key>
			<array>
				<string>0FC223D21C99BFA1006DD18B</string>
				<string>0FC223D31C99BFA1006DD18B</string>
			</array>
			<key>defaultConfigurationIsVisible</key>
			<string>0</string>
			<key>defaultConfigurationName</key>
			<string>Release</string>
			<key>isa</key>
			<string>XCConfigurationList</string>
		</dict>
		<key>0FC223D21C99BFA1006DD18B</key>
		<dict>
			<key>baseConfigurationReference</key>
			<string>6EA1A215D18B91AEDAB3CE9C</string>
			<key>buildSettings</key>
			<dict>
				<key>ASSETCATALOG_COMPILER_APPICON_NAME</key>
				<string>AppIcon</string>
				<key>FRAMEWORK_SEARCH_PATHS</key>
				<array>
					<string>$(inherited)</string>
					<string>$(PROJECT_DIR)</string>
				</array>
				<key>INFOPLIST_FILE</key>
				<string>ProjaBox/Info.plist</string>
				<key>LD_RUNPATH_SEARCH_PATHS</key>
				<string>$(inherited) @executable_path/Frameworks</string>
				<key>PRODUCT_BUNDLE_IDENTIFIER</key>
				<string>com.alexandruclapa.ProjaBox</string>
				<key>PRODUCT_NAME</key>
				<string>$(TARGET_NAME)</string>
			</dict>
			<key>isa</key>
			<string>XCBuildConfiguration</string>
			<key>name</key>
			<string>Debug</string>
		</dict>
		<key>0FC223D31C99BFA1006DD18B</key>
		<dict>
			<key>baseConfigurationReference</key>
			<string>463BBE67BB1F6344DE9DED91</string>
			<key>buildSettings</key>
			<dict>
				<key>ASSETCATALOG_COMPILER_APPICON_NAME</key>
				<string>AppIcon</string>
				<key>FRAMEWORK_SEARCH_PATHS</key>
				<array>
					<string>$(inherited)</string>
					<string>$(PROJECT_DIR)</string>
				</array>
				<key>INFOPLIST_FILE</key>
				<string>ProjaBox/Info.plist</string>
				<key>LD_RUNPATH_SEARCH_PATHS</key>
				<string>$(inherited) @executable_path/Frameworks</string>
				<key>PRODUCT_BUNDLE_IDENTIFIER</key>
				<string>com.alexandruclapa.ProjaBox</string>
				<key>PRODUCT_NAME</key>
				<string>$(TARGET_NAME)</string>
			</dict>
			<key>isa</key>
			<string>XCBuildConfiguration</string>
			<key>name</key>
			<string>Release</string>
		</dict>
		<key>0FC223D41C99BFA1006DD18B</key>
		<dict>
			<key>buildConfigurations</key>
			<array>
				<string>0FC223D51C99BFA1006DD18B</string>
				<string>0FC223D61C99BFA1006DD18B</string>
			</array>
			<key>defaultConfigurationIsVisible</key>
			<string>0</string>
			<key>defaultConfigurationName</key>
			<string>Release</string>
			<key>isa</key>
			<string>XCConfigurationList</string>
		</dict>
		<key>0FC223D51C99BFA1006DD18B</key>
		<dict>
			<key>buildSettings</key>
			<dict>
				<key>BUNDLE_LOADER</key>
				<string>$(TEST_HOST)</string>
				<key>INFOPLIST_FILE</key>
				<string>ProjaBoxTests/Info.plist</string>
				<key>LD_RUNPATH_SEARCH_PATHS</key>
				<string>$(inherited) @executable_path/Frameworks @loader_path/Frameworks</string>
				<key>PRODUCT_BUNDLE_IDENTIFIER</key>
				<string>com.alexandruclapa.ProjaBoxTests</string>
				<key>PRODUCT_NAME</key>
				<string>$(TARGET_NAME)</string>
				<key>TEST_HOST</key>
				<string>$(BUILT_PRODUCTS_DIR)/ProjaBox.app/ProjaBox</string>
			</dict>
			<key>isa</key>
			<string>XCBuildConfiguration</string>
			<key>name</key>
			<string>Debug</string>
		</dict>
		<key>0FC223D61C99BFA1006DD18B</key>
		<dict>
			<key>buildSettings</key>
			<dict>
				<key>BUNDLE_LOADER</key>
				<string>$(TEST_HOST)</string>
				<key>INFOPLIST_FILE</key>
				<string>ProjaBoxTests/Info.plist</string>
				<key>LD_RUNPATH_SEARCH_PATHS</key>
				<string>$(inherited) @executable_path/Frameworks @loader_path/Frameworks</string>
				<key>PRODUCT_BUNDLE_IDENTIFIER</key>
				<string>com.alexandruclapa.ProjaBoxTests</string>
				<key>PRODUCT_NAME</key>
				<string>$(TARGET_NAME)</string>
				<key>TEST_HOST</key>
				<string>$(BUILT_PRODUCTS_DIR)/ProjaBox.app/ProjaBox</string>
			</dict>
			<key>isa</key>
			<string>XCBuildConfiguration</string>
			<key>name</key>
			<string>Release</string>
		</dict>
		<key>0FC223D71C99BFA1006DD18B</key>
		<dict>
			<key>buildConfigurations</key>
			<array>
				<string>0FC223D81C99BFA1006DD18B</string>
				<string>0FC223D91C99BFA1006DD18B</string>
			</array>
			<key>defaultConfigurationIsVisible</key>
			<string>0</string>
			<key>defaultConfigurationName</key>
			<string>Release</string>
			<key>isa</key>
			<string>XCConfigurationList</string>
		</dict>
		<key>0FC223D81C99BFA1006DD18B</key>
		<dict>
			<key>buildSettings</key>
			<dict>
				<key>INFOPLIST_FILE</key>
				<string>ProjaBoxUITests/Info.plist</string>
				<key>LD_RUNPATH_SEARCH_PATHS</key>
				<string>$(inherited) @executable_path/Frameworks @loader_path/Frameworks</string>
				<key>PRODUCT_BUNDLE_IDENTIFIER</key>
				<string>com.alexandruclapa.ProjaBoxUITests</string>
				<key>PRODUCT_NAME</key>
				<string>$(TARGET_NAME)</string>
				<key>TEST_TARGET_NAME</key>
				<string>ProjaBox</string>
				<key>USES_XCTRUNNER</key>
				<string>YES</string>
			</dict>
			<key>isa</key>
			<string>XCBuildConfiguration</string>
			<key>name</key>
			<string>Debug</string>
		</dict>
		<key>0FC223D91C99BFA1006DD18B</key>
		<dict>
			<key>buildSettings</key>
			<dict>
				<key>INFOPLIST_FILE</key>
				<string>ProjaBoxUITests/Info.plist</string>
				<key>LD_RUNPATH_SEARCH_PATHS</key>
				<string>$(inherited) @executable_path/Frameworks @loader_path/Frameworks</string>
				<key>PRODUCT_BUNDLE_IDENTIFIER</key>
				<string>com.alexandruclapa.ProjaBoxUITests</string>
				<key>PRODUCT_NAME</key>
				<string>$(TARGET_NAME)</string>
				<key>TEST_TARGET_NAME</key>
				<string>ProjaBox</string>
				<key>USES_XCTRUNNER</key>
				<string>YES</string>
			</dict>
			<key>isa</key>
			<string>XCBuildConfiguration</string>
			<key>name</key>
			<string>Release</string>
		</dict>
		<key>0FC223DA1C99C134006DD18B</key>
		<dict>
			<key>children</key>
			<array>
				<string>0FC223DB1C99C183006DD18B</string>
				<string>E37BB0B3064F685FDF3231C7</string>
			</array>
			<key>isa</key>
			<string>PBXGroup</string>
			<key>name</key>
			<string>Frameworks</string>
			<key>sourceTree</key>
			<string>&lt;group&gt;</string>
		</dict>
		<key>0FC223DB1C99C183006DD18B</key>
		<dict>
			<key>isa</key>
			<string>PBXFileReference</string>
			<key>lastKnownFileType</key>
			<string>wrapper.framework</string>
			<key>path</key>
			<string>linkedin-sdk.framework</string>
			<key>sourceTree</key>
			<string>&lt;group&gt;</string>
		</dict>
		<key>0FC223DC1C99C183006DD18B</key>
		<dict>
			<key>fileRef</key>
			<string>0FC223DB1C99C183006DD18B</string>
			<key>isa</key>
			<string>PBXBuildFile</string>
		</dict>
		<key>0FCCBAAF1C9EDEC90007F427</key>
		<dict>
			<key>fileEncoding</key>
			<string>4</string>
			<key>isa</key>
			<string>PBXFileReference</string>
			<key>lastKnownFileType</key>
			<string>sourcecode.swift</string>
			<key>path</key>
			<string>SignUpViewController.swift</string>
			<key>sourceTree</key>
			<string>&lt;group&gt;</string>
		</dict>
		<key>0FCCBAB01C9EDEC90007F427</key>
		<dict>
			<key>fileRef</key>
			<string>0FCCBAAF1C9EDEC90007F427</string>
			<key>isa</key>
			<string>PBXBuildFile</string>
		</dict>
		<key>170C3FDC025620E557E68496</key>
		<dict>
			<key>children</key>
			<array>
				<string>6EA1A215D18B91AEDAB3CE9C</string>
				<string>463BBE67BB1F6344DE9DED91</string>
			</array>
			<key>isa</key>
			<string>PBXGroup</string>
			<key>name</key>
			<string>Pods</string>
			<key>sourceTree</key>
			<string>&lt;group&gt;</string>
		</dict>
		<key>22B6819646904C51A46AB969</key>
		<dict>
			<key>buildActionMask</key>
			<string>2147483647</string>
			<key>files</key>
			<array/>
			<key>inputPaths</key>
			<array/>
			<key>isa</key>
			<string>PBXShellScriptBuildPhase</string>
			<key>name</key>
			<string>Embed Pods Frameworks</string>
			<key>outputPaths</key>
			<array/>
			<key>runOnlyForDeploymentPostprocessing</key>
			<string>0</string>
			<key>shellPath</key>
			<string>/bin/sh</string>
			<key>shellScript</key>
			<string>"${SRCROOT}/Pods/Target Support Files/Pods-ProjaBox/Pods-ProjaBox-frameworks.sh"
</string>
			<key>showEnvVarsInLog</key>
			<string>0</string>
		</dict>
		<key>37332D4AC33C0975510DC9C1</key>
		<dict>
			<key>buildActionMask</key>
			<string>2147483647</string>
			<key>files</key>
			<array/>
			<key>inputPaths</key>
			<array/>
			<key>isa</key>
			<string>PBXShellScriptBuildPhase</string>
			<key>name</key>
			<string>Check Pods Manifest.lock</string>
			<key>outputPaths</key>
			<array/>
			<key>runOnlyForDeploymentPostprocessing</key>
			<string>0</string>
			<key>shellPath</key>
			<string>/bin/sh</string>
			<key>shellScript</key>
			<string>diff "${PODS_ROOT}/../Podfile.lock" "${PODS_ROOT}/Manifest.lock" &gt; /dev/null
if [[ $? != 0 ]] ; then
    cat &lt;&lt; EOM
error: The sandbox is not in sync with the Podfile.lock. Run 'pod install' or update your CocoaPods installation.
EOM
    exit 1
fi
</string>
			<key>showEnvVarsInLog</key>
			<string>0</string>
		</dict>
		<key>446AD3F03EE56AFEE5C0EFC5</key>
		<dict>
			<key>fileRef</key>
			<string>E37BB0B3064F685FDF3231C7</string>
			<key>isa</key>
			<string>PBXBuildFile</string>
		</dict>
		<key>463BBE67BB1F6344DE9DED91</key>
		<dict>
			<key>includeInIndex</key>
			<string>1</string>
			<key>isa</key>
			<string>PBXFileReference</string>
			<key>lastKnownFileType</key>
			<string>text.xcconfig</string>
			<key>name</key>
			<string>Pods-ProjaBox.release.xcconfig</string>
			<key>path</key>
			<string>Pods/Target Support Files/Pods-ProjaBox/Pods-ProjaBox.release.xcconfig</string>
			<key>sourceTree</key>
			<string>&lt;group&gt;</string>
		</dict>
		<key>6EA1A215D18B91AEDAB3CE9C</key>
		<dict>
			<key>includeInIndex</key>
			<string>1</string>
			<key>isa</key>
			<string>PBXFileReference</string>
			<key>lastKnownFileType</key>
			<string>text.xcconfig</string>
			<key>name</key>
			<string>Pods-ProjaBox.debug.xcconfig</string>
			<key>path</key>
			<string>Pods/Target Support Files/Pods-ProjaBox/Pods-ProjaBox.debug.xcconfig</string>
			<key>sourceTree</key>
			<string>&lt;group&gt;</string>
		</dict>
		<key>E37BB0B3064F685FDF3231C7</key>
		<dict>
			<key>explicitFileType</key>
			<string>wrapper.framework</string>
			<key>includeInIndex</key>
			<string>0</string>
			<key>isa</key>
			<string>PBXFileReference</string>
			<key>path</key>
			<string>Pods_ProjaBox.framework</string>
			<key>sourceTree</key>
			<string>BUILT_PRODUCTS_DIR</string>
		</dict>
	</dict>
	<key>rootObject</key>
	<string>0FC223A11C99BFA1006DD18B</string>
</dict>
</plist>
